{
  "version": 4,
  "terraform_version": "1.15.2",
  "serial": 163,
  "lineage": "5ae197cb-404d-2204-c4ee-2268fd9718b3",
  "outputs": {},
  "resources": [
    {
      "module": "module.core_lz",
      "mode": "data",
      "type": "oci_cloud_guard_cloud_guard_configuration",
      "name": "this",
      "provider": "provider[\"registry.terraform.io/oracle/oci\"]",
      "instances": [
        {
          "schema_version": 0,
          "attributes": {
            "compartment_id": null,
            "id": null,
            "reporting_region": null,
            "self_manage_resources": null,
            "status": null
          },
          "sensitive_attributes": [],
          "identity_schema_version": 0
        }
      ]
    },
    {
      "module": "module.core_lz",
      "mode": "data",
      "type": "oci_identity_compartment",
      "name": "existing_enclosing_compartment",
      "provider": "provider[\"registry.terraform.io/oracle/oci\"]",
      "instances": [
        {
          "schema_version": 0,
          "attributes": {
            "compartment_id": null,
            "defined_tags": {},
            "description": "TENLS-6209",
            "freeform_tags": {},
            "id": "ocid1.tenancy.oc1..aaaaaaaaj6nudjkukswohatqii3jwmynzoeswxnewxcdinl2knv7ap2iucwq",
            "inactive_state": null,
            "is_accessible": true,
            "name": "jfelixfalcon",
            "state": "ACTIVE",
            "time_created": "2026-02-27 13:23:58.663 +0000 UTC"
          },
          "sensitive_attributes": [],
          "identity_schema_version": 0
        }
      ]
    },
    {
      "module": "module.core_lz",
      "mode": "data",
      "type": "oci_identity_compartments",
      "name": "app",
      "provider": "provider[\"registry.terraform.io/oracle/oci\"]",
      "instances": [
        {
          "schema_version": 0,
          "attributes": {
            "access_level": null,
            "compartment_id": "ocid1.compartment.oc1..aaaaaaaawkwi4yfyfjncnjz26rbn5rjop6j7yobl3heijjoacczbksvniabq",
            "compartment_id_in_subtree": false,
            "compartments": [
              {
                "compartment_id": "ocid1.compartment.oc1..aaaaaaaawkwi4yfyfjncnjz26rbn5rjop6j7yobl3heijjoacczbksvniabq",
                "defined_tags": {
                  "Oracle-Tags.CreatedBy": "default/jfelixfalcon@gmail.com",
                  "Oracle-Tags.CreatedOn": "2026-05-17T01:29:13.995Z"
                },
                "description": "Core Landing Zone compartment for all resources related to application development: compute instances, storage, functions, OKE, API Gateway, streaming, and others.",
                "enable_delete": false,
                "freeform_tags": {
                  "environment": "dev",
                  "ocilz-terraform-module": "iam-compartments/0.3.4"
                },
                "id": "ocid1.compartment.oc1..aaaaaaaa2j34ezhtrrpnc3sdjfu4vs3pwa3g46vtc5osodh2yhmxr3i6oodq",
                "inactive_state": "",
                "is_accessible": false,
                "name": "stg-app-cmp",
                "state": "ACTIVE",
                "time_created": "2026-05-17 01:29:14.007 +0000 UTC"
              }
            ],
            "filter": [
              {
                "name": "name",
                "regex": false,
                "values": [
                  "stg-app-cmp"
                ]
              },
              {
                "name": "state",
                "regex": false,
                "values": [
                  "ACTIVE"
                ]
              }
            ],
            "id": "IdentityCompartmentsDataSource-3691108676",
            "name": null,
            "state": null
          },
          "sensitive_attributes": [],
          "identity_schema_version": 0
        }
      ]
    },
    {
      "module": "module.core_lz",
      "mode": "data",
      "type": "oci_identity_compartments",
      "name": "database",
      "provider": "provider[\"registry.terraform.io/oracle/oci\"]",
      "instances": [
        {
          "schema_version": 0,
          "attributes": {
            "access_level": null,
            "compartment_id": "ocid1.compartment.oc1..aaaaaaaawkwi4yfyfjncnjz26rbn5rjop6j7yobl3heijjoacczbksvniabq",
            "compartment_id_in_subtree": false,
            "compartments": [],
            "filter": [
              {
                "name": "name",
                "regex": false,
                "values": [
                  "stg-database-cmp"
                ]
              },
              {
                "name": "state",
                "regex": false,
                "values": [
                  "ACTIVE"
                ]
              }
            ],
            "id": "IdentityCompartmentsDataSource-3691108676",
            "name": null,
            "state": null
          },
          "sensitive_attributes": [],
          "identity_schema_version": 0
        }
      ]
    },
    {
      "module": "module.core_lz",
      "mode": "data",
      "type": "oci_identity_compartments",
      "name": "exainfra",
      "provider": "provider[\"registry.terraform.io/oracle/oci\"]",
      "instances": [
        {
          "schema_version": 0,
          "attributes": {
            "access_level": null,
            "compartment_id": "ocid1.compartment.oc1..aaaaaaaawkwi4yfyfjncnjz26rbn5rjop6j7yobl3heijjoacczbksvniabq",
            "compartment_id_in_subtree": false,
            "compartments": [],
            "filter": [
              {
                "name": "name",
                "regex": false,
                "values": [
                  "stg-exainfra-cmp"
                ]
              },
              {
                "name": "state",
                "regex": false,
                "values": [
                  "ACTIVE"
                ]
              }
            ],
            "id": "IdentityCompartmentsDataSource-3691108676",
            "name": null,
            "state": null
          },
          "sensitive_attributes": [],
          "identity_schema_version": 0
        }
      ]
    },
    {
      "module": "module.core_lz",
      "mode": "data",
      "type": "oci_identity_compartments",
      "name": "network",
      "provider": "provider[\"registry.terraform.io/oracle/oci\"]",
      "instances": [
        {
          "schema_version": 0,
          "attributes": {
            "access_level": null,
            "compartment_id": "ocid1.compartment.oc1..aaaaaaaawkwi4yfyfjncnjz26rbn5rjop6j7yobl3heijjoacczbksvniabq",
            "compartment_id_in_subtree": false,
            "compartments": [
              {
                "compartment_id": "ocid1.compartment.oc1..aaaaaaaawkwi4yfyfjncnjz26rbn5rjop6j7yobl3heijjoacczbksvniabq",
                "defined_tags": {
                  "Oracle-Tags.CreatedBy": "default/jfelixfalcon@gmail.com",
                  "Oracle-Tags.CreatedOn": "2026-05-17T01:29:11.992Z"
                },
                "description": "Core Landing Zone compartment for all network related resources: VCNs, subnets, network gateways, security lists, NSGs, load balancers, VNICs, and others.",
                "enable_delete": false,
                "freeform_tags": {
                  "environment": "dev",
                  "ocilz-terraform-module": "iam-compartments/0.3.4"
                },
                "id": "ocid1.compartment.oc1..aaaaaaaaaywicrzja63exnjwz6na42wu6t7e6lgm436w3ucqumm3cbn4dofq",
                "inactive_state": "",
                "is_accessible": false,
                "name": "stg-network-cmp",
                "state": "ACTIVE",
                "time_created": "2026-05-17 01:29:12.025 +0000 UTC"
              }
            ],
            "filter": [
              {
                "name": "name",
                "regex": false,
                "values": [
                  "stg-network-cmp"
                ]
              },
              {
                "name": "state",
                "regex": false,
                "values": [
                  "ACTIVE"
                ]
              }
            ],
            "id": "IdentityCompartmentsDataSource-3691108676",
            "name": null,
            "state": null
          },
          "sensitive_attributes": [],
          "identity_schema_version": 0
        }
      ]
    },
    {
      "module": "module.core_lz",
      "mode": "data",
      "type": "oci_identity_compartments",
      "name": "security",
      "provider": "provider[\"registry.terraform.io/oracle/oci\"]",
      "instances": [
        {
          "schema_version": 0,
          "attributes": {
            "access_level": null,
            "compartment_id": "ocid1.compartment.oc1..aaaaaaaawkwi4yfyfjncnjz26rbn5rjop6j7yobl3heijjoacczbksvniabq",
            "compartment_id_in_subtree": false,
            "compartments": [
              {
                "compartment_id": "ocid1.compartment.oc1..aaaaaaaawkwi4yfyfjncnjz26rbn5rjop6j7yobl3heijjoacczbksvniabq",
                "defined_tags": {
                  "Oracle-Tags.CreatedBy": "default/jfelixfalcon@gmail.com",
                  "Oracle-Tags.CreatedOn": "2026-05-17T01:31:44.349Z"
                },
                "description": "Core Landing Zone compartment for all security related resources: vaults, topics, notifications, logging, scanning, and others.",
                "enable_delete": false,
                "freeform_tags": {
                  "environment": "dev",
                  "ocilz-terraform-module": "iam-compartments/0.3.4"
                },
                "id": "ocid1.compartment.oc1..aaaaaaaaazio344vfvj55ihveti3ybbyx6jjqil2owrrovhzty26vagm2woq",
                "inactive_state": "",
                "is_accessible": false,
                "name": "stg-security-cmp",
                "state": "ACTIVE",
                "time_created": "2026-05-17 01:31:44.376 +0000 UTC"
              }
            ],
            "filter": [
              {
                "name": "name",
                "regex": false,
                "values": [
                  "stg-security-cmp"
                ]
              },
              {
                "name": "state",
                "regex": false,
                "values": [
                  "ACTIVE"
                ]
              }
            ],
            "id": "IdentityCompartmentsDataSource-3691108676",
            "name": null,
            "state": null
          },
          "sensitive_attributes": [],
          "identity_schema_version": 0
        }
      ]
    },
    {
      "module": "module.core_lz",
      "mode": "data",
      "type": "oci_identity_dynamic_groups",
      "name": "all",
      "provider": "provider[\"registry.terraform.io/oracle/oci\"]",
      "instances": [
        {
          "schema_version": 0,
          "attributes": {
            "compartment_id": "ocid1.tenancy.oc1..aaaaaaaaj6nudjkukswohatqii3jwmynzoeswxnewxcdinl2knv7ap2iucwq",
            "dynamic_groups": [
              {
                "compartment_id": "ocid1.tenancy.oc1..aaaaaaaaj6nudjkukswohatqii3jwmynzoeswxnewxcdinl2knv7ap2iucwq",
                "defined_tags": {
                  "Oracle-Tags.CreatedBy": "default/jfelixfalcon@gmail.com",
                  "Oracle-Tags.CreatedOn": "2026-05-17T02:06:26.205Z"
                },
                "description": "Core Landing Zone dynamic group for Compute Agent plugin execution.",
                "freeform_tags": {
                  "environment": "dev",
                  "ocilz-terraform-module": "iam-dynamic-groups/0.3.4"
                },
                "id": "ocid1.dynamicgroup.oc1..aaaaaaaa7jal3xwjhhpvth4mjrhkwk6vdblowdvi7xl4rvvuhjihxuzcyl5a",
                "inactive_state": "",
                "matching_rule": "",
                "name": "stg-app-computeagent-dynamic-group",
                "state": "ACTIVE",
                "time_created": "2026-05-17 02:06:26.675 +0000 UTC"
              },
              {
                "compartment_id": "ocid1.tenancy.oc1..aaaaaaaaj6nudjkukswohatqii3jwmynzoeswxnewxcdinl2knv7ap2iucwq",
                "defined_tags": {
                  "Oracle-Tags.CreatedBy": "default/jfelixfalcon@gmail.com",
                  "Oracle-Tags.CreatedOn": "2026-05-17T02:06:26.229Z"
                },
                "description": "Core Landing Zone dynamic group for databases accessing Key Management service (aka Vault service).",
                "freeform_tags": {
                  "environment": "dev",
                  "ocilz-terraform-module": "iam-dynamic-groups/0.3.4"
                },
                "id": "ocid1.dynamicgroup.oc1..aaaaaaaahfmpuflhfjasoqhq7hkss2wr2bkdpzilhw76wcdtalvdig3oufxa",
                "inactive_state": "",
                "matching_rule": "",
                "name": "stg-database-kms-dynamic-group",
                "state": "ACTIVE",
                "time_created": "2026-05-17 02:06:26.46 +0000 UTC"
              },
              {
                "compartment_id": "ocid1.tenancy.oc1..aaaaaaaaj6nudjkukswohatqii3jwmynzoeswxnewxcdinl2knv7ap2iucwq",
                "defined_tags": {
                  "Oracle-Tags.CreatedBy": "default/jfelixfalcon@gmail.com",
                  "Oracle-Tags.CreatedOn": "2026-05-17T02:06:26.246Z"
                },
                "description": "Core Landing Zone dynamic group for security functions execution.",
                "freeform_tags": {
                  "environment": "dev",
                  "ocilz-terraform-module": "iam-dynamic-groups/0.3.4"
                },
                "id": "ocid1.dynamicgroup.oc1..aaaaaaaauc5ktmea2vwmjcl4e3xo6pvtr3ixak4u6nzyxwog4caq4fo2bjna",
                "inactive_state": "",
                "matching_rule": "",
                "name": "stg-sec-fun-dynamic-group",
                "state": "ACTIVE",
                "time_created": "2026-05-17 02:06:26.586 +0000 UTC"
              },
              {
                "compartment_id": "ocid1.tenancy.oc1..aaaaaaaaj6nudjkukswohatqii3jwmynzoeswxnewxcdinl2knv7ap2iucwq",
                "defined_tags": {
                  "Oracle-Tags.CreatedBy": "default/jfelixfalcon@gmail.com",
                  "Oracle-Tags.CreatedOn": "2026-05-17T02:06:26.102Z"
                },
                "description": "Core Landing Zone dynamic group for application functions execution.",
                "freeform_tags": {
                  "environment": "dev",
                  "ocilz-terraform-module": "iam-dynamic-groups/0.3.4"
                },
                "id": "ocid1.dynamicgroup.oc1..aaaaaaaaqtv24nofuurd5xnpb3bifca4c5iy2vgv6bm4n44ibywl3jnfjlua",
                "inactive_state": "",
                "matching_rule": "",
                "name": "stg-app-fun-dynamic-group",
                "state": "ACTIVE",
                "time_created": "2026-05-17 02:06:26.239 +0000 UTC"
              }
            ],
            "filter": null,
            "id": "IdentityDynamicGroupsDataSource-969030322",
            "name": null,
            "state": null
          },
          "sensitive_attributes": [],
          "identity_schema_version": 0
        }
      ]
    },
    {
      "module": "module.core_lz",
      "mode": "data",
      "type": "oci_identity_region_subscriptions",
      "name": "these",
      "provider": "provider[\"registry.terraform.io/oracle/oci\"]",
      "instances": [
        {
          "schema_version": 0,
          "attributes": {
            "filter": null,
            "id": "IdentityRegionSubscriptionsDataSource-969030322",
            "region_subscriptions": [
              {
                "is_home_region": true,
                "region_key": "IAD",
                "region_name": "us-ashburn-1",
                "state": "READY",
                "tenancy_id": ""
              }
            ],
            "tenancy_id": "ocid1.tenancy.oc1..aaaaaaaaj6nudjkukswohatqii3jwmynzoeswxnewxcdinl2knv7ap2iucwq"
          },
          "sensitive_attributes": [],
          "identity_schema_version": 0
        }
      ]
    },
    {
      "module": "module.core_lz",
      "mode": "data",
      "type": "oci_identity_regions",
      "name": "these",
      "provider": "provider[\"registry.terraform.io/oracle/oci\"]",
      "instances": [
        {
          "schema_version": 0,
          "attributes": {
            "filter": null,
            "id": "IdentityRegionsDataSource-0",
            "regions": [
              {
                "key": "AMS",
                "name": "eu-amsterdam-1"
              },
              {
                "key": "ARN",
                "name": "eu-stockholm-1"
              },
              {
                "key": "AUH",
                "name": "me-abudhabi-1"
              },
              {
                "key": "BOG",
                "name": "sa-bogota-1"
              },
              {
                "key": "BOM",
                "name": "ap-mumbai-1"
              },
              {
                "key": "CDG",
                "name": "eu-paris-1"
              },
              {
                "key": "CWL",
                "name": "uk-cardiff-1"
              },
              {
                "key": "DXB",
                "name": "me-dubai-1"
              },
              {
                "key": "FRA",
                "name": "eu-frankfurt-1"
              },
              {
                "key": "GRU",
                "name": "sa-saopaulo-1"
              },
              {
                "key": "HSG",
                "name": "ap-batam-1"
              },
              {
                "key": "HYD",
                "name": "ap-hyderabad-1"
              },
              {
                "key": "IAD",
                "name": "us-ashburn-1"
              },
              {
                "key": "ICN",
                "name": "ap-seoul-1"
              },
              {
                "key": "JBP",
                "name": "ap-kulai-2"
              },
              {
                "key": "JED",
                "name": "me-jeddah-1"
              },
              {
                "key": "JNB",
                "name": "af-johannesburg-1"
              },
              {
                "key": "KIX",
                "name": "ap-osaka-1"
              },
              {
                "key": "LEJ",
                "name": "af-casablanca-1"
              },
              {
                "key": "LHR",
                "name": "uk-london-1"
              },
              {
                "key": "LIN",
                "name": "eu-milan-1"
              },
              {
                "key": "MAD",
                "name": "eu-madrid-1"
              },
              {
                "key": "MEL",
                "name": "ap-melbourne-1"
              },
              {
                "key": "MRS",
                "name": "eu-marseille-1"
              },
              {
                "key": "MTY",
                "name": "mx-monterrey-1"
              },
              {
                "key": "MTZ",
                "name": "il-jerusalem-1"
              },
              {
                "key": "NRQ",
                "name": "eu-turin-1"
              },
              {
                "key": "NRT",
                "name": "ap-tokyo-1"
              },
              {
                "key": "ORD",
                "name": "us-chicago-1"
              },
              {
                "key": "ORF",
                "name": "eu-madrid-3"
              },
              {
                "key": "PHX",
                "name": "us-phoenix-1"
              },
              {
                "key": "QRO",
                "name": "mx-queretaro-1"
              },
              {
                "key": "RUH",
                "name": "me-riyadh-1"
              },
              {
                "key": "SCL",
                "name": "sa-santiago-1"
              },
              {
                "key": "SIN",
                "name": "ap-singapore-1"
              },
              {
                "key": "SJC",
                "name": "us-sanjose-1"
              },
              {
                "key": "SYD",
                "name": "ap-sydney-1"
              },
              {
                "key": "VAP",
                "name": "sa-valparaiso-1"
              },
              {
                "key": "VCP",
                "name": "sa-vinhedo-1"
              },
              {
                "key": "XSP",
                "name": "ap-singapore-2"
              },
              {
                "key": "YNY",
                "name": "ap-chuncheon-1"
              },
              {
                "key": "YUL",
                "name": "ca-montreal-1"
              },
              {
                "key": "YYZ",
                "name": "ca-toronto-1"
              },
              {
                "key": "ZRH",
                "name": "eu-zurich-1"
              }
            ]
          },
          "sensitive_attributes": [],
          "identity_schema_version": 0
        }
      ]
    },
    {
      "module": "module.core_lz",
      "mode": "data",
      "type": "oci_identity_tag_namespaces",
      "name": "this",
      "provider": "provider[\"registry.terraform.io/oracle/oci\"]",
      "instances": [
        {
          "schema_version": 0,
          "attributes": {
            "compartment_id": "ocid1.tenancy.oc1..aaaaaaaaj6nudjkukswohatqii3jwmynzoeswxnewxcdinl2knv7ap2iucwq",
            "filter": null,
            "id": "IdentityTagNamespacesDataSource-969030322",
            "include_subcompartments": null,
            "state": null,
            "tag_namespaces": [
              {
                "compartment_id": "ocid1.tenancy.oc1..aaaaaaaaj6nudjkukswohatqii3jwmynzoeswxnewxcdinl2knv7ap2iucwq",
                "defined_tags": {},
                "description": "The namespace for the automatic tags.",
                "freeform_tags": {},
                "id": "ocid1.tagnamespace.oc1..aaaaaaaa7vbmq2bltfh6wfzob6qftdwvnm2ucufdldsjq4qrtyz36mysairq",
                "is_retired": false,
                "name": "Oracle-Tags",
                "state": "ACTIVE",
                "time_created": "2026-02-27 13:24:45.461 +0000 UTC"
              }
            ]
          },
          "sensitive_attributes": [],
          "identity_schema_version": 0
        }
      ]
    },
    {
      "module": "module.core_lz",
      "mode": "data",
      "type": "oci_identity_tenancy",
      "name": "this",
      "provider": "provider[\"registry.terraform.io/oracle/oci\"]",
      "instances": [
        {
          "schema_version": 0,
          "attributes": {
            "defined_tags": {},
            "description": "TENLS-6209",
            "freeform_tags": {},
            "home_region_key": "IAD",
            "id": "ocid1.tenancy.oc1..aaaaaaaaj6nudjkukswohatqii3jwmynzoeswxnewxcdinl2knv7ap2iucwq",
            "name": "jfelixfalcon",
            "tenancy_id": "ocid1.tenancy.oc1..aaaaaaaaj6nudjkukswohatqii3jwmynzoeswxnewxcdinl2knv7ap2iucwq",
            "upi_idcs_compatibility_layer_endpoint": null
          },
          "sensitive_attributes": [],
          "identity_schema_version": 0
        }
      ]
    },
    {
      "module": "module.core_lz",
      "mode": "data",
      "type": "oci_objectstorage_namespace",
      "name": "this",
      "provider": "provider[\"registry.terraform.io/oracle/oci\"]",
      "instances": [
        {
          "schema_version": 0,
          "attributes": {
            "compartment_id": "ocid1.tenancy.oc1..aaaaaaaaj6nudjkukswohatqii3jwmynzoeswxnewxcdinl2knv7ap2iucwq",
            "id": "ObjectStorageNamespaceDataSource-969030322",
            "namespace": "idqxrfpobuo7"
          },
          "sensitive_attributes": [],
          "identity_schema_version": 0
        }
      ]
    },
    {
      "module": "module.core_lz.module.lz_compartments[0]",
      "mode": "managed",
      "type": "oci_identity_compartment",
      "name": "these",
      "provider": "provider[\"registry.terraform.io/oracle/oci\"]",
      "instances": [
        {
          "index_key": "NETWORK-CMP",
          "schema_version": 0,
          "attributes": {
            "compartment_id": "ocid1.compartment.oc1..aaaaaaaawkwi4yfyfjncnjz26rbn5rjop6j7yobl3heijjoacczbksvniabq",
            "defined_tags": {
              "Oracle-Tags.CreatedBy": "default/jfelixfalcon@gmail.com",
              "Oracle-Tags.CreatedOn": "2026-05-17T01:29:11.992Z"
            },
            "description": "Core Landing Zone compartment for all network related resources: VCNs, subnets, network gateways, security lists, NSGs, load balancers, VNICs, and others.",
            "enable_delete": false,
            "freeform_tags": {
              "environment": "dev",
              "ocilz-terraform-module": "iam-compartments/0.3.4"
            },
            "id": "ocid1.compartment.oc1..aaaaaaaaaywicrzja63exnjwz6na42wu6t7e6lgm436w3ucqumm3cbn4dofq",
            "inactive_state": null,
            "is_accessible": true,
            "name": "stg-network-cmp",
            "state": "ACTIVE",
            "time_created": "2026-05-17 01:29:12.025 +0000 UTC",
            "timeouts": null
          },
          "sensitive_attributes": [],
          "identity_schema_version": 0,
          "private": "eyJlMmJmYjczMC1lY2FhLTExZTYtOGY4OC0zNDM2M2JjN2M0YzAiOnsiZGVsZXRlIjo1NDAwMDAwMDAwMDAwfX0=",
          "dependencies": [
            "module.core_lz.module.lz_top_compartment.oci_identity_compartment.level_2",
            "module.core_lz.module.lz_top_compartment.oci_identity_compartment.level_3",
            "module.core_lz.module.lz_top_compartment.oci_identity_compartment.level_4",
            "module.core_lz.module.lz_top_compartment.oci_identity_compartment.level_5",
            "module.core_lz.module.lz_top_compartment.oci_identity_compartment.level_6",
            "module.core_lz.module.lz_top_compartment.oci_identity_compartment.these"
          ]
        },
        {
          "index_key": "SECURITY-CMP",
          "schema_version": 0,
          "attributes": {
            "compartment_id": "ocid1.compartment.oc1..aaaaaaaawkwi4yfyfjncnjz26rbn5rjop6j7yobl3heijjoacczbksvniabq",
            "defined_tags": {
              "Oracle-Tags.CreatedBy": "default/jfelixfalcon@gmail.com",
              "Oracle-Tags.CreatedOn": "2026-05-17T01:31:44.349Z"
            },
            "description": "Core Landing Zone compartment for all security related resources: vaults, topics, notifications, logging, scanning, and others.",
            "enable_delete": false,
            "freeform_tags": {
              "environment": "dev",
              "ocilz-terraform-module": "iam-compartments/0.3.4"
            },
            "id": "ocid1.compartment.oc1..aaaaaaaaazio344vfvj55ihveti3ybbyx6jjqil2owrrovhzty26vagm2woq",
            "inactive_state": null,
            "is_accessible": true,
            "name": "stg-security-cmp",
            "state": "ACTIVE",
            "time_created": "2026-05-17 01:31:44.376 +0000 UTC",
            "timeouts": null
          },
          "sensitive_attributes": [],
          "identity_schema_version": 0,
          "private": "eyJlMmJmYjczMC1lY2FhLTExZTYtOGY4OC0zNDM2M2JjN2M0YzAiOnsiZGVsZXRlIjo1NDAwMDAwMDAwMDAwfX0=",
          "dependencies": [
            "module.core_lz.module.lz_top_compartment.oci_identity_compartment.level_2",
            "module.core_lz.module.lz_top_compartment.oci_identity_compartment.level_3",
            "module.core_lz.module.lz_top_compartment.oci_identity_compartment.level_4",
            "module.core_lz.module.lz_top_compartment.oci_identity_compartment.level_5",
            "module.core_lz.module.lz_top_compartment.oci_identity_compartment.level_6",
            "module.core_lz.module.lz_top_compartment.oci_identity_compartment.these"
          ]
        }
      ]
    },
    {
      "module": "module.core_lz.module.lz_dynamic_groups[0]",
      "mode": "managed",
      "type": "oci_identity_dynamic_group",
      "name": "these",
      "provider": "provider[\"registry.terraform.io/oracle/oci\"]",
      "instances": [
        {
          "index_key": "SEC-FUN-DYNAMIC-GROUP",
          "schema_version": 0,
          "attributes": {
            "compartment_id": "ocid1.tenancy.oc1..aaaaaaaaj6nudjkukswohatqii3jwmynzoeswxnewxcdinl2knv7ap2iucwq",
            "defined_tags": {
              "Oracle-Tags.CreatedBy": "default/jfelixfalcon@gmail.com",
              "Oracle-Tags.CreatedOn": "2026-05-17T02:06:26.246Z"
            },
            "description": "Core Landing Zone dynamic group for security functions execution.",
            "freeform_tags": {
              "environment": "dev",
              "ocilz-terraform-module": "iam-dynamic-groups/0.3.4"
            },
            "id": "ocid1.dynamicgroup.oc1..aaaaaaaauc5ktmea2vwmjcl4e3xo6pvtr3ixak4u6nzyxwog4caq4fo2bjna",
            "inactive_state": null,
            "matching_rule": "ALL {resource.type = 'fnfunc',resource.compartment.id = 'ocid1.compartment.oc1..aaaaaaaaazio344vfvj55ihveti3ybbyx6jjqil2owrrovhzty26vagm2woq'}",
            "name": "stg-sec-fun-dynamic-group",
            "state": "ACTIVE",
            "time_created": "2026-05-17 02:06:26.586 +0000 UTC",
            "timeouts": null
          },
          "sensitive_attributes": [],
          "identity_schema_version": 0,
          "private": "eyJlMmJmYjczMC1lY2FhLTExZTYtOGY4OC0zNDM2M2JjN2M0YzAiOnsiY3JlYXRlIjoxMjAwMDAwMDAwMDAwLCJkZWxldGUiOjEyMDAwMDAwMDAwMDAsInVwZGF0ZSI6MTIwMDAwMDAwMDAwMH19",
          "dependencies": [
            "module.core_lz.data.oci_identity_compartments.app",
            "module.core_lz.data.oci_identity_compartments.database",
            "module.core_lz.data.oci_identity_compartments.security",
            "module.core_lz.module.lz_compartments.oci_identity_compartment.level_2",
            "module.core_lz.module.lz_compartments.oci_identity_compartment.level_3",
            "module.core_lz.module.lz_compartments.oci_identity_compartment.level_4",
            "module.core_lz.module.lz_compartments.oci_identity_compartment.level_5",
            "module.core_lz.module.lz_compartments.oci_identity_compartment.level_6",
            "module.core_lz.module.lz_compartments.oci_identity_compartment.these",
            "module.core_lz.module.lz_top_compartment.oci_identity_compartment.level_2",
            "module.core_lz.module.lz_top_compartment.oci_identity_compartment.level_3",
            "module.core_lz.module.lz_top_compartment.oci_identity_compartment.level_4",
            "module.core_lz.module.lz_top_compartment.oci_identity_compartment.level_5",
            "module.core_lz.module.lz_top_compartment.oci_identity_compartment.level_6",
            "module.core_lz.module.lz_top_compartment.oci_identity_compartment.these"
          ]
        }
      ]
    },
    {
      "module": "module.core_lz.module.lz_groups[0]",
      "mode": "managed",
      "type": "oci_identity_group",
      "name": "these",
      "provider": "provider[\"registry.terraform.io/oracle/oci\"]",
      "instances": [
        {
          "index_key": "AG-ADMIN-GROUP",
          "schema_version": 0,
          "attributes": {
            "compartment_id": "ocid1.tenancy.oc1..aaaaaaaaj6nudjkukswohatqii3jwmynzoeswxnewxcdinl2knv7ap2iucwq",
            "defined_tags": {
              "Oracle-Tags.CreatedBy": "default/jfelixfalcon@gmail.com",
              "Oracle-Tags.CreatedOn": "2026-05-17T02:06:21.333Z"
            },
            "description": "Core Landing Zone group for managing Access Governance resources in the tenancy.",
            "freeform_tags": {
              "environment": "dev",
              "ocilz-terraform-module": "iam-groups/0.3.4"
            },
            "id": "ocid1.group.oc1..aaaaaaaa7fq4pw6xlw5fuk5zptbtkgsglabvy3au5jfk7y6q5emmrmzjmdeq",
            "inactive_state": null,
            "name": "stg-access-governance-admin-group",
            "state": "ACTIVE",
            "time_created": "2026-05-17 02:06:21.354 +0000 UTC",
            "timeouts": null
          },
          "sensitive_attributes": [],
          "identity_schema_version": 0,
          "private": "eyJlMmJmYjczMC1lY2FhLTExZTYtOGY4OC0zNDM2M2JjN2M0YzAiOnsiY3JlYXRlIjoxMjAwMDAwMDAwMDAwLCJkZWxldGUiOjEyMDAwMDAwMDAwMDAsInVwZGF0ZSI6MTIwMDAwMDAwMDAwMH19"
        },
        {
          "index_key": "ANNOUNCEMENT-READER-GROUP",
          "schema_version": 0,
          "attributes": {
            "compartment_id": "ocid1.tenancy.oc1..aaaaaaaaj6nudjkukswohatqii3jwmynzoeswxnewxcdinl2knv7ap2iucwq",
            "defined_tags": {
              "Oracle-Tags.CreatedBy": "default/jfelixfalcon@gmail.com",
              "Oracle-Tags.CreatedOn": "2026-05-17T02:06:21.320Z"
            },
            "description": "Core Landing Zone group for reading Console announcements.",
            "freeform_tags": {
              "environment": "dev",
              "ocilz-terraform-module": "iam-groups/0.3.4"
            },
            "id": "ocid1.group.oc1..aaaaaaaaly3n4i2kylkhlz3f5wnnaqq6mebvpeilrrgbqx6cuhsmidvf3yea",
            "inactive_state": null,
            "name": "stg-announcement-reader-group",
            "state": "ACTIVE",
            "time_created": "2026-05-17 02:06:21.35 +0000 UTC",
            "timeouts": null
          },
          "sensitive_attributes": [],
          "identity_schema_version": 0,
          "private": "eyJlMmJmYjczMC1lY2FhLTExZTYtOGY4OC0zNDM2M2JjN2M0YzAiOnsiY3JlYXRlIjoxMjAwMDAwMDAwMDAwLCJkZWxldGUiOjEyMDAwMDAwMDAwMDAsInVwZGF0ZSI6MTIwMDAwMDAwMDAwMH19"
        },
        {
          "index_key": "AUDITOR-GROUP",
          "schema_version": 0,
          "attributes": {
            "compartment_id": "ocid1.tenancy.oc1..aaaaaaaaj6nudjkukswohatqii3jwmynzoeswxnewxcdinl2knv7ap2iucwq",
            "defined_tags": {
              "Oracle-Tags.CreatedBy": "default/jfelixfalcon@gmail.com",
              "Oracle-Tags.CreatedOn": "2026-05-17T02:06:21.329Z"
            },
            "description": "Core Landing Zone group for auditing the tenancy.",
            "freeform_tags": {
              "environment": "dev",
              "ocilz-terraform-module": "iam-groups/0.3.4"
            },
            "id": "ocid1.group.oc1..aaaaaaaag7qhs2timyvp7wkh4zocihtib7vlmdvvsy7vuxdallak5uxng5hq",
            "inactive_state": null,
            "name": "stg-auditor-group",
            "state": "ACTIVE",
            "time_created": "2026-05-17 02:06:21.353 +0000 UTC",
            "timeouts": null
          },
          "sensitive_attributes": [],
          "identity_schema_version": 0,
          "private": "eyJlMmJmYjczMC1lY2FhLTExZTYtOGY4OC0zNDM2M2JjN2M0YzAiOnsiY3JlYXRlIjoxMjAwMDAwMDAwMDAwLCJkZWxldGUiOjEyMDAwMDAwMDAwMDAsInVwZGF0ZSI6MTIwMDAwMDAwMDAwMH19"
        },
        {
          "index_key": "COST-ADMIN-GROUP",
          "schema_version": 0,
          "attributes": {
            "compartment_id": "ocid1.tenancy.oc1..aaaaaaaaj6nudjkukswohatqii3jwmynzoeswxnewxcdinl2knv7ap2iucwq",
            "defined_tags": {
              "Oracle-Tags.CreatedBy": "default/jfelixfalcon@gmail.com",
              "Oracle-Tags.CreatedOn": "2026-05-17T02:06:21.333Z"
            },
            "description": "Core Landing Zone group for Cost management.",
            "freeform_tags": {
              "environment": "dev",
              "ocilz-terraform-module": "iam-groups/0.3.4"
            },
            "id": "ocid1.group.oc1..aaaaaaaakfingixmcfwcnzbr6s2galtehtqvj4u6rr3glaf6cp7igip4lwfa",
            "inactive_state": null,
            "name": "stg-cost-admin-group",
            "state": "ACTIVE",
            "time_created": "2026-05-17 02:06:21.353 +0000 UTC",
            "timeouts": null
          },
          "sensitive_attributes": [],
          "identity_schema_version": 0,
          "private": "eyJlMmJmYjczMC1lY2FhLTExZTYtOGY4OC0zNDM2M2JjN2M0YzAiOnsiY3JlYXRlIjoxMjAwMDAwMDAwMDAwLCJkZWxldGUiOjEyMDAwMDAwMDAwMDAsInVwZGF0ZSI6MTIwMDAwMDAwMDAwMH19"
        },
        {
          "index_key": "CRED-ADMIN-GROUP",
          "schema_version": 0,
          "attributes": {
            "compartment_id": "ocid1.tenancy.oc1..aaaaaaaaj6nudjkukswohatqii3jwmynzoeswxnewxcdinl2knv7ap2iucwq",
            "defined_tags": {
              "Oracle-Tags.CreatedBy": "default/jfelixfalcon@gmail.com",
              "Oracle-Tags.CreatedOn": "2026-05-17T02:06:21.381Z"
            },
            "description": "Core Landing Zone group for managing users credentials in the tenancy.",
            "freeform_tags": {
              "environment": "dev",
              "ocilz-terraform-module": "iam-groups/0.3.4"
            },
            "id": "ocid1.group.oc1..aaaaaaaayfltwd75bb23ccbvjefphknyex636ptsvbetoqyawszsqe3ecvkq",
            "inactive_state": null,
            "name": "stg-cred-admin-group",
            "state": "ACTIVE",
            "time_created": "2026-05-17 02:06:21.409 +0000 UTC",
            "timeouts": null
          },
          "sensitive_attributes": [],
          "identity_schema_version": 0,
          "private": "eyJlMmJmYjczMC1lY2FhLTExZTYtOGY4OC0zNDM2M2JjN2M0YzAiOnsiY3JlYXRlIjoxMjAwMDAwMDAwMDAwLCJkZWxldGUiOjEyMDAwMDAwMDAwMDAsInVwZGF0ZSI6MTIwMDAwMDAwMDAwMH19"
        },
        {
          "index_key": "IAM-ADMIN-GROUP",
          "schema_version": 0,
          "attributes": {
            "compartment_id": "ocid1.tenancy.oc1..aaaaaaaaj6nudjkukswohatqii3jwmynzoeswxnewxcdinl2knv7ap2iucwq",
            "defined_tags": {
              "Oracle-Tags.CreatedBy": "default/jfelixfalcon@gmail.com",
              "Oracle-Tags.CreatedOn": "2026-05-17T02:06:21.933Z"
            },
            "description": "Core Landing Zone group for managing IAM resources in the tenancy.",
            "freeform_tags": {
              "environment": "dev",
              "ocilz-terraform-module": "iam-groups/0.3.4"
            },
            "id": "ocid1.group.oc1..aaaaaaaarmdzwm22wedztck7h6em45ah3a4ulyxlq5lgy5hhedumvzo2s4ea",
            "inactive_state": null,
            "name": "stg-iam-admin-group",
            "state": "ACTIVE",
            "time_created": "2026-05-17 02:06:21.961 +0000 UTC",
            "timeouts": null
          },
          "sensitive_attributes": [],
          "identity_schema_version": 0,
          "private": "eyJlMmJmYjczMC1lY2FhLTExZTYtOGY4OC0zNDM2M2JjN2M0YzAiOnsiY3JlYXRlIjoxMjAwMDAwMDAwMDAwLCJkZWxldGUiOjEyMDAwMDAwMDAwMDAsInVwZGF0ZSI6MTIwMDAwMDAwMDAwMH19"
        },
        {
          "index_key": "NETWORK-ADMIN-GROUP",
          "schema_version": 0,
          "attributes": {
            "compartment_id": "ocid1.tenancy.oc1..aaaaaaaaj6nudjkukswohatqii3jwmynzoeswxnewxcdinl2knv7ap2iucwq",
            "defined_tags": {
              "Oracle-Tags.CreatedBy": "default/jfelixfalcon@gmail.com",
              "Oracle-Tags.CreatedOn": "2026-05-17T02:06:21.340Z"
            },
            "description": "Core Landing Zone group for network management.",
            "freeform_tags": {
              "environment": "dev",
              "ocilz-terraform-module": "iam-groups/0.3.4"
            },
            "id": "ocid1.group.oc1..aaaaaaaa3nbkdecnhj6j5smpwinxcskpmhe27tr3hqnsqk7ugxlr4dgupasq",
            "inactive_state": null,
            "name": "stg-network-admin-group",
            "state": "ACTIVE",
            "time_created": "2026-05-17 02:06:21.361 +0000 UTC",
            "timeouts": null
          },
          "sensitive_attributes": [],
          "identity_schema_version": 0,
          "private": "eyJlMmJmYjczMC1lY2FhLTExZTYtOGY4OC0zNDM2M2JjN2M0YzAiOnsiY3JlYXRlIjoxMjAwMDAwMDAwMDAwLCJkZWxldGUiOjEyMDAwMDAwMDAwMDAsInVwZGF0ZSI6MTIwMDAwMDAwMDAwMH19"
        },
        {
          "index_key": "SECURITY-ADMIN-GROUP",
          "schema_version": 0,
          "attributes": {
            "compartment_id": "ocid1.tenancy.oc1..aaaaaaaaj6nudjkukswohatqii3jwmynzoeswxnewxcdinl2knv7ap2iucwq",
            "defined_tags": {
              "Oracle-Tags.CreatedBy": "default/jfelixfalcon@gmail.com",
              "Oracle-Tags.CreatedOn": "2026-05-17T02:06:21.322Z"
            },
            "description": "Core Landing Zone group for security services management.",
            "freeform_tags": {
              "environment": "dev",
              "ocilz-terraform-module": "iam-groups/0.3.4"
            },
            "id": "ocid1.group.oc1..aaaaaaaa4ruo3abgb53frwbehdrymmjvukmwzwwzbsnr2tq4ruaiyku66itq",
            "inactive_state": null,
            "name": "stg-security-admin-group",
            "state": "ACTIVE",
            "time_created": "2026-05-17 02:06:21.347 +0000 UTC",
            "timeouts": null
          },
          "sensitive_attributes": [],
          "identity_schema_version": 0,
          "private": "eyJlMmJmYjczMC1lY2FhLTExZTYtOGY4OC0zNDM2M2JjN2M0YzAiOnsiY3JlYXRlIjoxMjAwMDAwMDAwMDAwLCJkZWxldGUiOjEyMDAwMDAwMDAwMDAsInVwZGF0ZSI6MTIwMDAwMDAwMDAwMH19"
        },
        {
          "index_key": "STORAGE-ADMIN-GROUP",
          "schema_version": 0,
          "attributes": {
            "compartment_id": "ocid1.tenancy.oc1..aaaaaaaaj6nudjkukswohatqii3jwmynzoeswxnewxcdinl2knv7ap2iucwq",
            "defined_tags": {
              "Oracle-Tags.CreatedBy": "default/jfelixfalcon@gmail.com",
              "Oracle-Tags.CreatedOn": "2026-05-17T02:06:23.808Z"
            },
            "description": "Core Landing Zone group for storage services management.",
            "freeform_tags": {
              "environment": "dev",
              "ocilz-terraform-module": "iam-groups/0.3.4"
            },
            "id": "ocid1.group.oc1..aaaaaaaavupqulim27nq3zr4ikn457uvcpexjfiyskzj36whzq7zhdfoijka",
            "inactive_state": null,
            "name": "stg-storage-admin-group",
            "state": "ACTIVE",
            "time_created": "2026-05-17 02:06:23.834 +0000 UTC",
            "timeouts": null
          },
          "sensitive_attributes": [],
          "identity_schema_version": 0,
          "private": "eyJlMmJmYjczMC1lY2FhLTExZTYtOGY4OC0zNDM2M2JjN2M0YzAiOnsiY3JlYXRlIjoxMjAwMDAwMDAwMDAwLCJkZWxldGUiOjEyMDAwMDAwMDAwMDAsInVwZGF0ZSI6MTIwMDAwMDAwMDAwMH19"
        }
      ]
    },
    {
      "module": "module.core_lz.module.lz_policies",
      "mode": "data",
      "type": "oci_identity_region_subscriptions",
      "name": "these",
      "provider": "provider[\"registry.terraform.io/oracle/oci\"]",
      "instances": [
        {
          "schema_version": 0,
          "attributes": {
            "filter": null,
            "id": "IdentityRegionSubscriptionsDataSource-969030322",
            "region_subscriptions": [
              {
                "is_home_region": true,
                "region_key": "IAD",
                "region_name": "us-ashburn-1",
                "state": "READY",
                "tenancy_id": ""
              }
            ],
            "tenancy_id": "ocid1.tenancy.oc1..aaaaaaaaj6nudjkukswohatqii3jwmynzoeswxnewxcdinl2knv7ap2iucwq"
          },
          "sensitive_attributes": [],
          "identity_schema_version": 0
        }
      ]
    },
    {
      "module": "module.core_lz.module.lz_policies",
      "mode": "data",
      "type": "oci_identity_tenancy",
      "name": "this",
      "provider": "provider[\"registry.terraform.io/oracle/oci\"]",
      "instances": [
        {
          "schema_version": 0,
          "attributes": {
            "defined_tags": {},
            "description": "TENLS-6209",
            "freeform_tags": {},
            "home_region_key": "IAD",
            "id": "ocid1.tenancy.oc1..aaaaaaaaj6nudjkukswohatqii3jwmynzoeswxnewxcdinl2knv7ap2iucwq",
            "name": "jfelixfalcon",
            "tenancy_id": "ocid1.tenancy.oc1..aaaaaaaaj6nudjkukswohatqii3jwmynzoeswxnewxcdinl2knv7ap2iucwq",
            "upi_idcs_compatibility_layer_endpoint": null
          },
          "sensitive_attributes": [],
          "identity_schema_version": 0
        }
      ]
    },
    {
      "module": "module.core_lz.module.lz_policies",
      "mode": "managed",
      "type": "oci_identity_policy",
      "name": "these",
      "provider": "provider[\"registry.terraform.io/oracle/oci\"]",
      "instances": [
        {
          "index_key": "stg-iam-admin-policy",
          "schema_version": 0,
          "attributes": {
            "ETag": "e72675b4faf6ff270a86b40499a59670abea0a11",
            "compartment_id": "ocid1.compartment.oc1..aaaaaaaawkwi4yfyfjncnjz26rbn5rjop6j7yobl3heijjoacczbksvniabq",
            "defined_tags": {
              "Oracle-Tags.CreatedBy": "default/jfelixfalcon@gmail.com",
              "Oracle-Tags.CreatedOn": "2026-05-17T02:06:27.611Z"
            },
            "description": "Core Landing Zone policy for stg-iam-admin-group group to manage IAM resources in Landing Zone enclosing compartment (compartment stg-top-cmp).",
            "freeform_tags": {
              "environment": "dev",
              "ocilz-terraform-module": "iam-policies/0.3.4"
            },
            "id": "ocid1.policy.oc1..aaaaaaaaejwbr5v6gceewpc65h7eu2aud4n6cbaqvre6stmtzkfcddqo5jca",
            "inactive_state": null,
            "lastUpdateETag": "e72675b4faf6ff270a86b40499a59670abea0a11",
            "name": "stg-iam-admin-policy",
            "policyHash": "f715b990d469954ed4240baa2b623b89",
            "state": "ACTIVE",
            "statements": [
              "allow group stg-iam-admin-group to manage policies in compartment stg-top-cmp",
              "allow group stg-iam-admin-group to manage compartments in compartment stg-top-cmp"
            ],
            "time_created": "2026-05-17 02:06:27.806 +0000 UTC",
            "timeouts": null,
            "version_date": null
          },
          "sensitive_attributes": [],
          "identity_schema_version": 0,
          "private": "eyJlMmJmYjczMC1lY2FhLTExZTYtOGY4OC0zNDM2M2JjN2M0YzAiOnsiY3JlYXRlIjoxMjAwMDAwMDAwMDAwLCJkZWxldGUiOjEyMDAwMDAwMDAwMDAsInVwZGF0ZSI6MTIwMDAwMDAwMDAwMH19",
          "dependencies": [
            "module.core_lz.data.oci_identity_compartment.existing_enclosing_compartment",
            "module.core_lz.data.oci_identity_compartments.app",
            "module.core_lz.data.oci_identity_compartments.database",
            "module.core_lz.data.oci_identity_compartments.security",
            "module.core_lz.data.oci_identity_domain.existing_identity_domain",
            "module.core_lz.data.oci_identity_dynamic_groups.all",
            "module.core_lz.data.oci_identity_group.existing_appdev_admin_group",
            "module.core_lz.data.oci_identity_group.existing_database_admin_group",
            "module.core_lz.data.oci_identity_group.existing_exainfra_admin_group",
            "module.core_lz.data.oci_identity_group.existing_iam_admin_group",
            "module.core_lz.data.oci_identity_group.existing_network_admin_group",
            "module.core_lz.data.oci_identity_group.existing_security_admin_group",
            "module.core_lz.data.oci_identity_group.existing_storage_admin_group",
            "module.core_lz.module.lz_compartments.oci_identity_compartment.level_2",
            "module.core_lz.module.lz_compartments.oci_identity_compartment.level_3",
            "module.core_lz.module.lz_compartments.oci_identity_compartment.level_4",
            "module.core_lz.module.lz_compartments.oci_identity_compartment.level_5",
            "module.core_lz.module.lz_compartments.oci_identity_compartment.level_6",
            "module.core_lz.module.lz_compartments.oci_identity_compartment.these",
            "module.core_lz.module.lz_compartments.oci_identity_tag_default.these",
            "module.core_lz.module.lz_dynamic_groups.oci_identity_dynamic_group.these",
            "module.core_lz.module.lz_groups.data.oci_identity_users.these",
            "module.core_lz.module.lz_groups.oci_identity_group.these",
            "module.core_lz.module.lz_groups.oci_identity_user_group_membership.these",
            "module.core_lz.module.lz_policies.data.oci_identity_region_subscriptions.these",
            "module.core_lz.module.lz_policies.data.oci_identity_tenancy.this",
            "module.core_lz.module.lz_top_compartment.oci_identity_compartment.level_2",
            "module.core_lz.module.lz_top_compartment.oci_identity_compartment.level_3",
            "module.core_lz.module.lz_top_compartment.oci_identity_compartment.level_4",
            "module.core_lz.module.lz_top_compartment.oci_identity_compartment.level_5",
            "module.core_lz.module.lz_top_compartment.oci_identity_compartment.level_6",
            "module.core_lz.module.lz_top_compartment.oci_identity_compartment.these"
          ]
        },
        {
          "index_key": "stg-network-admin-policy",
          "schema_version": 0,
          "attributes": {
            "ETag": "848820ca9a794ed14a7f42e91e56807628cfbf42",
            "compartment_id": "ocid1.compartment.oc1..aaaaaaaawkwi4yfyfjncnjz26rbn5rjop6j7yobl3heijjoacczbksvniabq",
            "defined_tags": {
              "Oracle-Tags.CreatedBy": "default/jfelixfalcon@gmail.com",
              "Oracle-Tags.CreatedOn": "2026-05-17T02:06:27.819Z"
            },
            "description": "Core Landing Zone policy for stg-network-admin-group group to manage network related services.",
            "freeform_tags": {
              "environment": "dev",
              "ocilz-terraform-module": "iam-policies/0.3.4"
            },
            "id": "ocid1.policy.oc1..aaaaaaaaxfxfwetynwltsccvwtgb2edypdujv43c2h6qophgikbhn4zhyfda",
            "inactive_state": null,
            "lastUpdateETag": "848820ca9a794ed14a7f42e91e56807628cfbf42",
            "name": "stg-network-admin-policy",
            "policyHash": "edf49b116bdc99796c7940b11250a0f6",
            "state": "ACTIVE",
            "statements": [
              "allow group stg-network-admin-group to read all-resources in compartment stg-network-cmp",
              "allow group stg-network-admin-group to manage virtual-network-family in compartment stg-network-cmp",
              "allow group stg-network-admin-group to manage dns in compartment stg-network-cmp",
              "allow group stg-network-admin-group to manage load-balancers in compartment stg-network-cmp",
              "allow group stg-network-admin-group to manage alarms in compartment stg-network-cmp",
              "allow group stg-network-admin-group to manage metrics in compartment stg-network-cmp",
              "allow group stg-network-admin-group to manage ons-family in compartment stg-network-cmp",
              "allow group stg-network-admin-group to manage orm-stacks in compartment stg-network-cmp",
              "allow group stg-network-admin-group to manage orm-jobs in compartment stg-network-cmp",
              "allow group stg-network-admin-group to manage orm-config-source-providers in compartment stg-network-cmp",
              "allow group stg-network-admin-group to read audit-events in compartment stg-network-cmp",
              "allow group stg-network-admin-group to read work-requests in compartment stg-network-cmp",
              "allow group stg-network-admin-group to manage instance-family in compartment stg-network-cmp",
              "allow group stg-network-admin-group to manage volume-family in compartment stg-network-cmp where all{request.permission != 'VOLUME_BACKUP_DELETE', request.permission != 'VOLUME_DELETE', request.permission != 'BOOT_VOLUME_BACKUP_DELETE'}",
              "allow group stg-network-admin-group to manage object-family in compartment stg-network-cmp where all{request.permission != 'OBJECT_DELETE', request.permission != 'BUCKET_DELETE'}",
              "allow group stg-network-admin-group to manage file-family in compartment stg-network-cmp where all{request.permission != 'FILE_SYSTEM_DELETE', request.permission != 'MOUNT_TARGET_DELETE', request.permission != 'EXPORT_SET_DELETE', request.permission != 'FILE_SYSTEM_DELETE_SNAPSHOT', request.permission != 'FILE_SYSTEM_NFSv3_UNEXPORT'}",
              "allow group stg-network-admin-group to manage bastion-session in compartment stg-network-cmp",
              "allow group stg-network-admin-group to manage cloudevents-rules in compartment stg-network-cmp",
              "allow group stg-network-admin-group to manage alarms in compartment stg-network-cmp",
              "allow group stg-network-admin-group to manage metrics in compartment stg-network-cmp",
              "allow group stg-network-admin-group to read instance-agent-plugins in compartment stg-network-cmp",
              "allow group stg-network-admin-group to manage keys in compartment stg-network-cmp",
              "allow group stg-network-admin-group to use key-delegate in compartment stg-network-cmp",
              "allow group stg-network-admin-group to manage secret-family in compartment stg-network-cmp",
              "allow group stg-network-admin-group to manage network-firewall-family in compartment stg-network-cmp",
              "allow group stg-network-admin-group to read vss-family in compartment stg-security-cmp",
              "allow group stg-network-admin-group to use bastion in compartment stg-security-cmp",
              "allow group stg-network-admin-group to manage bastion-session in compartment stg-security-cmp",
              "allow group stg-network-admin-group to use vaults in compartment stg-security-cmp",
              "allow group stg-network-admin-group to read logging-family in compartment stg-security-cmp"
            ],
            "time_created": "2026-05-17 02:06:27.987 +0000 UTC",
            "timeouts": null,
            "version_date": null
          },
          "sensitive_attributes": [],
          "identity_schema_version": 0,
          "private": "eyJlMmJmYjczMC1lY2FhLTExZTYtOGY4OC0zNDM2M2JjN2M0YzAiOnsiY3JlYXRlIjoxMjAwMDAwMDAwMDAwLCJkZWxldGUiOjEyMDAwMDAwMDAwMDAsInVwZGF0ZSI6MTIwMDAwMDAwMDAwMH19",
          "dependencies": [
            "module.core_lz.data.oci_identity_compartment.existing_enclosing_compartment",
            "module.core_lz.data.oci_identity_compartments.app",
            "module.core_lz.data.oci_identity_compartments.database",
            "module.core_lz.data.oci_identity_compartments.security",
            "module.core_lz.data.oci_identity_domain.existing_identity_domain",
            "module.core_lz.data.oci_identity_dynamic_groups.all",
            "module.core_lz.data.oci_identity_group.existing_appdev_admin_group",
            "module.core_lz.data.oci_identity_group.existing_database_admin_group",
            "module.core_lz.data.oci_identity_group.existing_exainfra_admin_group",
            "module.core_lz.data.oci_identity_group.existing_iam_admin_group",
            "module.core_lz.data.oci_identity_group.existing_network_admin_group",
            "module.core_lz.data.oci_identity_group.existing_security_admin_group",
            "module.core_lz.data.oci_identity_group.existing_storage_admin_group",
            "module.core_lz.module.lz_compartments.oci_identity_compartment.level_2",
            "module.core_lz.module.lz_compartments.oci_identity_compartment.level_3",
            "module.core_lz.module.lz_compartments.oci_identity_compartment.level_4",
            "module.core_lz.module.lz_compartments.oci_identity_compartment.level_5",
            "module.core_lz.module.lz_compartments.oci_identity_compartment.level_6",
            "module.core_lz.module.lz_compartments.oci_identity_compartment.these",
            "module.core_lz.module.lz_compartments.oci_identity_tag_default.these",
            "module.core_lz.module.lz_dynamic_groups.oci_identity_dynamic_group.these",
            "module.core_lz.module.lz_groups.data.oci_identity_users.these",
            "module.core_lz.module.lz_groups.oci_identity_group.these",
            "module.core_lz.module.lz_groups.oci_identity_user_group_membership.these",
            "module.core_lz.module.lz_policies.data.oci_identity_region_subscriptions.these",
            "module.core_lz.module.lz_policies.data.oci_identity_tenancy.this",
            "module.core_lz.module.lz_top_compartment.oci_identity_compartment.level_2",
            "module.core_lz.module.lz_top_compartment.oci_identity_compartment.level_3",
            "module.core_lz.module.lz_top_compartment.oci_identity_compartment.level_4",
            "module.core_lz.module.lz_top_compartment.oci_identity_compartment.level_5",
            "module.core_lz.module.lz_top_compartment.oci_identity_compartment.level_6",
            "module.core_lz.module.lz_top_compartment.oci_identity_compartment.these"
          ]
        },
        {
          "index_key": "stg-security-admin-policy",
          "schema_version": 0,
          "attributes": {
            "ETag": "",
            "compartment_id": "ocid1.compartment.oc1..aaaaaaaawkwi4yfyfjncnjz26rbn5rjop6j7yobl3heijjoacczbksvniabq",
            "defined_tags": {
              "Oracle-Tags.CreatedBy": "default/jfelixfalcon@gmail.com",
              "Oracle-Tags.CreatedOn": "2026-05-17T02:06:27.806Z"
            },
            "description": "Core Landing Zone policy for stg-security-admin-group group to manage security related services in Landing Zone enclosing compartment (compartment stg-top-cmp).",
            "freeform_tags": {
              "environment": "dev",
              "ocilz-terraform-module": "iam-policies/0.3.4"
            },
            "id": "ocid1.policy.oc1..aaaaaaaaegvam24rjwmnj5nyecuvkohf34hxb24ti3xc2saskuxxd6hlp7oq",
            "inactive_state": null,
            "lastUpdateETag": "",
            "name": "stg-security-admin-policy",
            "policyHash": "7dcfc901a0cbc78c94ec3e9845d5016c",
            "state": "ACTIVE",
            "statements": [
              "allow group stg-security-admin-group to manage tag-namespaces in compartment stg-top-cmp",
              "allow group stg-security-admin-group to manage tag-defaults in compartment stg-top-cmp",
              "allow group stg-security-admin-group to manage repos in compartment stg-top-cmp",
              "allow group stg-security-admin-group to read audit-events in compartment stg-top-cmp",
              "allow group stg-security-admin-group to read app-catalog-listing in compartment stg-top-cmp",
              "allow group stg-security-admin-group to read instance-images in compartment stg-top-cmp",
              "allow group stg-security-admin-group to inspect buckets in compartment stg-top-cmp",
              "allow group stg-security-admin-group to read all-resources in compartment stg-security-cmp",
              "allow group stg-security-admin-group to manage instance-family in compartment stg-security-cmp",
              "allow group stg-security-admin-group to manage volume-family in compartment stg-security-cmp where all{request.permission != 'VOLUME_BACKUP_DELETE', request.permission != 'VOLUME_DELETE', request.permission != 'BOOT_VOLUME_BACKUP_DELETE'}",
              "allow group stg-security-admin-group to manage object-family in compartment stg-security-cmp where all{request.permission != 'OBJECT_DELETE', request.permission != 'BUCKET_DELETE'}",
              "allow group stg-security-admin-group to manage file-family in compartment stg-security-cmp where all{request.permission != 'FILE_SYSTEM_DELETE', request.permission != 'MOUNT_TARGET_DELETE', request.permission != 'EXPORT_SET_DELETE', request.permission != 'FILE_SYSTEM_DELETE_SNAPSHOT', request.permission != 'FILE_SYSTEM_NFSv3_UNEXPORT'}",
              "allow group stg-security-admin-group to manage vaults in compartment stg-security-cmp",
              "allow group stg-security-admin-group to manage keys in compartment stg-security-cmp",
              "allow group stg-security-admin-group to manage secret-family in compartment stg-security-cmp",
              "allow group stg-security-admin-group to manage logging-family in compartment stg-security-cmp",
              "allow group stg-security-admin-group to manage serviceconnectors in compartment stg-security-cmp",
              "allow group stg-security-admin-group to manage streams in compartment stg-security-cmp",
              "allow group stg-security-admin-group to manage ons-family in compartment stg-security-cmp",
              "allow group stg-security-admin-group to manage functions-family in compartment stg-security-cmp",
              "allow group stg-security-admin-group to manage waas-family in compartment stg-security-cmp",
              "allow group stg-security-admin-group to manage security-zone in compartment stg-security-cmp",
              "allow group stg-security-admin-group to manage orm-stacks in compartment stg-security-cmp",
              "allow group stg-security-admin-group to manage orm-jobs in compartment stg-security-cmp",
              "allow group stg-security-admin-group to manage orm-config-source-providers in compartment stg-security-cmp",
              "allow group stg-security-admin-group to manage vss-family in compartment stg-security-cmp",
              "allow group stg-security-admin-group to read work-requests in compartment stg-security-cmp",
              "allow group stg-security-admin-group to manage bastion-family in compartment stg-security-cmp",
              "allow group stg-security-admin-group to read instance-agent-plugins in compartment stg-security-cmp",
              "allow group stg-security-admin-group to manage cloudevents-rules in compartment stg-security-cmp",
              "allow group stg-security-admin-group to manage alarms in compartment stg-security-cmp",
              "allow group stg-security-admin-group to manage metrics in compartment stg-security-cmp",
              "allow group stg-security-admin-group to use key-delegate in compartment stg-security-cmp",
              "allow group stg-security-admin-group to manage agcs-instance in compartment stg-security-cmp",
              "allow group stg-security-admin-group to read virtual-network-family in compartment stg-network-cmp",
              "allow group stg-security-admin-group to use subnets in compartment stg-network-cmp",
              "allow group stg-security-admin-group to use network-security-groups in compartment stg-network-cmp",
              "allow group stg-security-admin-group to use vnics in compartment stg-network-cmp",
              "allow group stg-security-admin-group to manage private-ips in compartment stg-network-cmp",
              "allow group stg-security-admin-group to read keys in compartment stg-network-cmp",
              "allow group stg-security-admin-group to use network-firewall-family in compartment stg-network-cmp"
            ],
            "time_created": "2026-05-17 02:06:28.273 +0000 UTC",
            "timeouts": null,
            "version_date": null
          },
          "sensitive_attributes": [],
          "identity_schema_version": 0,
          "private": "eyJlMmJmYjczMC1lY2FhLTExZTYtOGY4OC0zNDM2M2JjN2M0YzAiOnsiY3JlYXRlIjoxMjAwMDAwMDAwMDAwLCJkZWxldGUiOjEyMDAwMDAwMDAwMDAsInVwZGF0ZSI6MTIwMDAwMDAwMDAwMH19",
          "dependencies": [
            "module.core_lz.data.oci_identity_compartment.existing_enclosing_compartment",
            "module.core_lz.data.oci_identity_compartments.app",
            "module.core_lz.data.oci_identity_compartments.database",
            "module.core_lz.data.oci_identity_compartments.security",
            "module.core_lz.data.oci_identity_domain.existing_identity_domain",
            "module.core_lz.data.oci_identity_dynamic_groups.all",
            "module.core_lz.data.oci_identity_group.existing_appdev_admin_group",
            "module.core_lz.data.oci_identity_group.existing_database_admin_group",
            "module.core_lz.data.oci_identity_group.existing_exainfra_admin_group",
            "module.core_lz.data.oci_identity_group.existing_iam_admin_group",
            "module.core_lz.data.oci_identity_group.existing_network_admin_group",
            "module.core_lz.data.oci_identity_group.existing_security_admin_group",
            "module.core_lz.data.oci_identity_group.existing_storage_admin_group",
            "module.core_lz.module.lz_compartments.oci_identity_compartment.level_2",
            "module.core_lz.module.lz_compartments.oci_identity_compartment.level_3",
            "module.core_lz.module.lz_compartments.oci_identity_compartment.level_4",
            "module.core_lz.module.lz_compartments.oci_identity_compartment.level_5",
            "module.core_lz.module.lz_compartments.oci_identity_compartment.level_6",
            "module.core_lz.module.lz_compartments.oci_identity_compartment.these",
            "module.core_lz.module.lz_compartments.oci_identity_tag_default.these",
            "module.core_lz.module.lz_dynamic_groups.oci_identity_dynamic_group.these",
            "module.core_lz.module.lz_groups.data.oci_identity_users.these",
            "module.core_lz.module.lz_groups.oci_identity_group.these",
            "module.core_lz.module.lz_groups.oci_identity_user_group_membership.these",
            "module.core_lz.module.lz_policies.data.oci_identity_region_subscriptions.these",
            "module.core_lz.module.lz_policies.data.oci_identity_tenancy.this",
            "module.core_lz.module.lz_top_compartment.oci_identity_compartment.level_2",
            "module.core_lz.module.lz_top_compartment.oci_identity_compartment.level_3",
            "module.core_lz.module.lz_top_compartment.oci_identity_compartment.level_4",
            "module.core_lz.module.lz_top_compartment.oci_identity_compartment.level_5",
            "module.core_lz.module.lz_top_compartment.oci_identity_compartment.level_6",
            "module.core_lz.module.lz_top_compartment.oci_identity_compartment.these"
          ]
        },
        {
          "index_key": "stg-storage-admin-policy",
          "schema_version": 0,
          "attributes": {
            "ETag": "",
            "compartment_id": "ocid1.compartment.oc1..aaaaaaaawkwi4yfyfjncnjz26rbn5rjop6j7yobl3heijjoacczbksvniabq",
            "defined_tags": {
              "Oracle-Tags.CreatedBy": "default/jfelixfalcon@gmail.com",
              "Oracle-Tags.CreatedOn": "2026-05-17T02:06:27.455Z"
            },
            "description": "Core Landing Zone policy for stg-storage-admin-group group to manage storage resources.",
            "freeform_tags": {
              "environment": "dev",
              "ocilz-terraform-module": "iam-policies/0.3.4"
            },
            "id": "ocid1.policy.oc1..aaaaaaaao6xuw76h5r7azfqk5qtf5lr3oaav2l224vaq63ny4vr5675vg4uq",
            "inactive_state": null,
            "lastUpdateETag": "",
            "name": "stg-storage-admin-policy",
            "policyHash": "8a60a76136ba3397e668cdab4e19fdb0",
            "state": "ACTIVE",
            "statements": [
              "allow group stg-storage-admin-group to read bucket in compartment stg-security-cmp",
              "allow group stg-storage-admin-group to inspect object in compartment stg-security-cmp",
              "allow group stg-storage-admin-group to manage object-family in compartment stg-security-cmp where any {request.permission = 'OBJECT_DELETE', request.permission = 'BUCKET_DELETE'}",
              "allow group stg-storage-admin-group to read volume-family in compartment stg-security-cmp",
              "allow group stg-storage-admin-group to manage volume-family in compartment stg-security-cmp where any {request.permission = 'VOLUME_DELETE', request.permission = 'VOLUME_BACKUP_DELETE', request.permission = 'BOOT_VOLUME_BACKUP_DELETE'}",
              "allow group stg-storage-admin-group to read file-family in compartment stg-security-cmp",
              "allow group stg-storage-admin-group to manage file-family in compartment stg-security-cmp where any {request.permission = 'FILE_SYSTEM_DELETE', request.permission = 'MOUNT_TARGET_DELETE', request.permission = 'EXPORT_SET_UPDATE', request.permission = 'FILE_SYSTEM_NFSv3_UNEXPORT', request.permission = 'EXPORT_SET_DELETE', request.permission = 'FILE_SYSTEM_DELETE_SNAPSHOT'}",
              "allow group stg-storage-admin-group to read bucket in compartment stg-network-cmp",
              "allow group stg-storage-admin-group to inspect object in compartment stg-network-cmp",
              "allow group stg-storage-admin-group to manage object-family in compartment stg-network-cmp where any {request.permission = 'OBJECT_DELETE', request.permission = 'BUCKET_DELETE'}",
              "allow group stg-storage-admin-group to read volume-family in compartment stg-network-cmp",
              "allow group stg-storage-admin-group to manage volume-family in compartment stg-network-cmp where any {request.permission = 'VOLUME_DELETE', request.permission = 'VOLUME_BACKUP_DELETE', request.permission = 'BOOT_VOLUME_BACKUP_DELETE'}",
              "allow group stg-storage-admin-group to read file-family in compartment stg-network-cmp",
              "allow group stg-storage-admin-group to manage file-family in compartment stg-network-cmp where any {request.permission = 'FILE_SYSTEM_DELETE', request.permission = 'MOUNT_TARGET_DELETE', request.permission = 'VNIC_DELETE', request.permission = 'SUBNET_DETACH', request.permission = 'VNIC_DETACH', request.permission = 'PRIVATE_IP_DELETE', request.permission = 'PRIVATE_IP_UNASSIGN', request.permission = 'VNIC_UNASSIGN', request.permission = 'EXPORT_SET_UPDATE', request.permission = 'FILE_SYSTEM_NFSv3_UNEXPORT', request.permission = 'EXPORT_SET_DELETE', request.permission = 'FILE_SYSTEM_DELETE_SNAPSHOT'}"
            ],
            "time_created": "2026-05-17 02:06:29.86 +0000 UTC",
            "timeouts": null,
            "version_date": null
          },
          "sensitive_attributes": [],
          "identity_schema_version": 0,
          "private": "eyJlMmJmYjczMC1lY2FhLTExZTYtOGY4OC0zNDM2M2JjN2M0YzAiOnsiY3JlYXRlIjoxMjAwMDAwMDAwMDAwLCJkZWxldGUiOjEyMDAwMDAwMDAwMDAsInVwZGF0ZSI6MTIwMDAwMDAwMDAwMH19",
          "dependencies": [
            "module.core_lz.data.oci_identity_compartment.existing_enclosing_compartment",
            "module.core_lz.data.oci_identity_compartments.app",
            "module.core_lz.data.oci_identity_compartments.database",
            "module.core_lz.data.oci_identity_compartments.security",
            "module.core_lz.data.oci_identity_domain.existing_identity_domain",
            "module.core_lz.data.oci_identity_dynamic_groups.all",
            "module.core_lz.data.oci_identity_group.existing_appdev_admin_group",
            "module.core_lz.data.oci_identity_group.existing_database_admin_group",
            "module.core_lz.data.oci_identity_group.existing_exainfra_admin_group",
            "module.core_lz.data.oci_identity_group.existing_iam_admin_group",
            "module.core_lz.data.oci_identity_group.existing_network_admin_group",
            "module.core_lz.data.oci_identity_group.existing_security_admin_group",
            "module.core_lz.data.oci_identity_group.existing_storage_admin_group",
            "module.core_lz.module.lz_compartments.oci_identity_compartment.level_2",
            "module.core_lz.module.lz_compartments.oci_identity_compartment.level_3",
            "module.core_lz.module.lz_compartments.oci_identity_compartment.level_4",
            "module.core_lz.module.lz_compartments.oci_identity_compartment.level_5",
            "module.core_lz.module.lz_compartments.oci_identity_compartment.level_6",
            "module.core_lz.module.lz_compartments.oci_identity_compartment.these",
            "module.core_lz.module.lz_compartments.oci_identity_tag_default.these",
            "module.core_lz.module.lz_dynamic_groups.oci_identity_dynamic_group.these",
            "module.core_lz.module.lz_groups.data.oci_identity_users.these",
            "module.core_lz.module.lz_groups.oci_identity_group.these",
            "module.core_lz.module.lz_groups.oci_identity_user_group_membership.these",
            "module.core_lz.module.lz_policies.data.oci_identity_region_subscriptions.these",
            "module.core_lz.module.lz_policies.data.oci_identity_tenancy.this",
            "module.core_lz.module.lz_top_compartment.oci_identity_compartment.level_2",
            "module.core_lz.module.lz_top_compartment.oci_identity_compartment.level_3",
            "module.core_lz.module.lz_top_compartment.oci_identity_compartment.level_4",
            "module.core_lz.module.lz_top_compartment.oci_identity_compartment.level_5",
            "module.core_lz.module.lz_top_compartment.oci_identity_compartment.level_6",
            "module.core_lz.module.lz_top_compartment.oci_identity_compartment.these"
          ]
        }
      ]
    },
    {
      "module": "module.core_lz.module.lz_root_policies",
      "mode": "data",
      "type": "oci_identity_region_subscriptions",
      "name": "these",
      "provider": "provider[\"registry.terraform.io/oracle/oci\"]",
      "instances": [
        {
          "schema_version": 0,
          "attributes": {
            "filter": null,
            "id": "IdentityRegionSubscriptionsDataSource-969030322",
            "region_subscriptions": [
              {
                "is_home_region": true,
                "region_key": "IAD",
                "region_name": "us-ashburn-1",
                "state": "READY",
                "tenancy_id": ""
              }
            ],
            "tenancy_id": "ocid1.tenancy.oc1..aaaaaaaaj6nudjkukswohatqii3jwmynzoeswxnewxcdinl2knv7ap2iucwq"
          },
          "sensitive_attributes": [],
          "identity_schema_version": 0
        }
      ]
    },
    {
      "module": "module.core_lz.module.lz_root_policies",
      "mode": "data",
      "type": "oci_identity_tenancy",
      "name": "this",
      "provider": "provider[\"registry.terraform.io/oracle/oci\"]",
      "instances": [
        {
          "schema_version": 0,
          "attributes": {
            "defined_tags": {},
            "description": "TENLS-6209",
            "freeform_tags": {},
            "home_region_key": "IAD",
            "id": "ocid1.tenancy.oc1..aaaaaaaaj6nudjkukswohatqii3jwmynzoeswxnewxcdinl2knv7ap2iucwq",
            "name": "jfelixfalcon",
            "tenancy_id": "ocid1.tenancy.oc1..aaaaaaaaj6nudjkukswohatqii3jwmynzoeswxnewxcdinl2knv7ap2iucwq",
            "upi_idcs_compatibility_layer_endpoint": null
          },
          "sensitive_attributes": [],
          "identity_schema_version": 0
        }
      ]
    },
    {
      "module": "module.core_lz.module.lz_root_policies",
      "mode": "managed",
      "type": "oci_identity_policy",
      "name": "these",
      "provider": "provider[\"registry.terraform.io/oracle/oci\"]",
      "instances": [
        {
          "index_key": "stg-access-governance-root-policy",
          "schema_version": 0,
          "attributes": {
            "ETag": "247ddc22064fb97a40fe646d418e151aaeb81ce2",
            "compartment_id": "ocid1.tenancy.oc1..aaaaaaaaj6nudjkukswohatqii3jwmynzoeswxnewxcdinl2knv7ap2iucwq",
            "defined_tags": {
              "Oracle-Tags.CreatedBy": "default/jfelixfalcon@gmail.com",
              "Oracle-Tags.CreatedOn": "2026-05-17T02:06:26.992Z"
            },
            "description": "Core Landing Zone root compartment policy for stg-access-governance-admin-group group.",
            "freeform_tags": {
              "environment": "dev",
              "ocilz-terraform-module": "iam-policies/0.3.4"
            },
            "id": "ocid1.policy.oc1..aaaaaaaabxrmx7vyux5ufruqh4p6dmc4x7vud5nfo3glapaiihypewn37yca",
            "inactive_state": null,
            "lastUpdateETag": "247ddc22064fb97a40fe646d418e151aaeb81ce2",
            "name": "stg-access-governance-root-policy",
            "policyHash": "d39f9bb134e34bae2c6396cbf7607245",
            "state": "ACTIVE",
            "statements": [
              "allow group stg-access-governance-admin-group to inspect all-resources in tenancy",
              "allow group stg-access-governance-admin-group to read policies in tenancy",
              "allow group stg-access-governance-admin-group to read domains in tenancy"
            ],
            "time_created": "2026-05-17 02:06:27.074 +0000 UTC",
            "timeouts": null,
            "version_date": null
          },
          "sensitive_attributes": [],
          "identity_schema_version": 0,
          "private": "eyJlMmJmYjczMC1lY2FhLTExZTYtOGY4OC0zNDM2M2JjN2M0YzAiOnsiY3JlYXRlIjoxMjAwMDAwMDAwMDAwLCJkZWxldGUiOjEyMDAwMDAwMDAwMDAsInVwZGF0ZSI6MTIwMDAwMDAwMDAwMH19",
          "dependencies": [
            "module.core_lz.data.oci_identity_domain.existing_identity_domain",
            "module.core_lz.data.oci_identity_group.existing_ag_admin_group",
            "module.core_lz.data.oci_identity_group.existing_announcement_reader_group",
            "module.core_lz.data.oci_identity_group.existing_appdev_admin_group",
            "module.core_lz.data.oci_identity_group.existing_auditor_group",
            "module.core_lz.data.oci_identity_group.existing_cost_admin_group",
            "module.core_lz.data.oci_identity_group.existing_cred_admin_group",
            "module.core_lz.data.oci_identity_group.existing_database_admin_group",
            "module.core_lz.data.oci_identity_group.existing_exainfra_admin_group",
            "module.core_lz.data.oci_identity_group.existing_iam_admin_group",
            "module.core_lz.data.oci_identity_group.existing_network_admin_group",
            "module.core_lz.data.oci_identity_group.existing_security_admin_group",
            "module.core_lz.data.oci_identity_group.existing_storage_admin_group",
            "module.core_lz.module.lz_groups.data.oci_identity_users.these",
            "module.core_lz.module.lz_groups.oci_identity_group.these",
            "module.core_lz.module.lz_groups.oci_identity_user_group_membership.these",
            "module.core_lz.module.lz_root_policies.data.oci_identity_region_subscriptions.these",
            "module.core_lz.module.lz_root_policies.data.oci_identity_tenancy.this",
            "module.core_lz.module.lz_top_compartment.oci_identity_compartment.level_2",
            "module.core_lz.module.lz_top_compartment.oci_identity_compartment.level_3",
            "module.core_lz.module.lz_top_compartment.oci_identity_compartment.level_4",
            "module.core_lz.module.lz_top_compartment.oci_identity_compartment.level_5",
            "module.core_lz.module.lz_top_compartment.oci_identity_compartment.level_6",
            "module.core_lz.module.lz_top_compartment.oci_identity_compartment.these",
            "module.core_lz.module.lz_top_compartment.oci_identity_tag_default.these"
          ]
        },
        {
          "index_key": "stg-announcement-reader-policy",
          "schema_version": 0,
          "attributes": {
            "ETag": "771bbaff1862198c93d3490619edd5e360f8187e",
            "compartment_id": "ocid1.tenancy.oc1..aaaaaaaaj6nudjkukswohatqii3jwmynzoeswxnewxcdinl2knv7ap2iucwq",
            "defined_tags": {
              "Oracle-Tags.CreatedBy": "default/jfelixfalcon@gmail.com",
              "Oracle-Tags.CreatedOn": "2026-05-17T02:06:26.985Z"
            },
            "description": "Core Landing Zone root compartment policy for stg-announcement-reader-group group.",
            "freeform_tags": {
              "environment": "dev",
              "ocilz-terraform-module": "iam-policies/0.3.4"
            },
            "id": "ocid1.policy.oc1..aaaaaaaawz5qv72ukb4x75wibxcjzoiltownix735g2lm6v4dqr6ipuziwhq",
            "inactive_state": null,
            "lastUpdateETag": "771bbaff1862198c93d3490619edd5e360f8187e",
            "name": "stg-announcement-reader-policy",
            "policyHash": "052c02647b572474b2adbc83d34c17ed",
            "state": "ACTIVE",
            "statements": [
              "allow group stg-announcement-reader-group to read announcements in tenancy",
              "allow group stg-announcement-reader-group to use cloud-shell in tenancy"
            ],
            "time_created": "2026-05-17 02:06:27.506 +0000 UTC",
            "timeouts": null,
            "version_date": null
          },
          "sensitive_attributes": [],
          "identity_schema_version": 0,
          "private": "eyJlMmJmYjczMC1lY2FhLTExZTYtOGY4OC0zNDM2M2JjN2M0YzAiOnsiY3JlYXRlIjoxMjAwMDAwMDAwMDAwLCJkZWxldGUiOjEyMDAwMDAwMDAwMDAsInVwZGF0ZSI6MTIwMDAwMDAwMDAwMH19",
          "dependencies": [
            "module.core_lz.data.oci_identity_domain.existing_identity_domain",
            "module.core_lz.data.oci_identity_group.existing_ag_admin_group",
            "module.core_lz.data.oci_identity_group.existing_announcement_reader_group",
            "module.core_lz.data.oci_identity_group.existing_appdev_admin_group",
            "module.core_lz.data.oci_identity_group.existing_auditor_group",
            "module.core_lz.data.oci_identity_group.existing_cost_admin_group",
            "module.core_lz.data.oci_identity_group.existing_cred_admin_group",
            "module.core_lz.data.oci_identity_group.existing_database_admin_group",
            "module.core_lz.data.oci_identity_group.existing_exainfra_admin_group",
            "module.core_lz.data.oci_identity_group.existing_iam_admin_group",
            "module.core_lz.data.oci_identity_group.existing_network_admin_group",
            "module.core_lz.data.oci_identity_group.existing_security_admin_group",
            "module.core_lz.data.oci_identity_group.existing_storage_admin_group",
            "module.core_lz.module.lz_groups.data.oci_identity_users.these",
            "module.core_lz.module.lz_groups.oci_identity_group.these",
            "module.core_lz.module.lz_groups.oci_identity_user_group_membership.these",
            "module.core_lz.module.lz_root_policies.data.oci_identity_region_subscriptions.these",
            "module.core_lz.module.lz_root_policies.data.oci_identity_tenancy.this",
            "module.core_lz.module.lz_top_compartment.oci_identity_compartment.level_2",
            "module.core_lz.module.lz_top_compartment.oci_identity_compartment.level_3",
            "module.core_lz.module.lz_top_compartment.oci_identity_compartment.level_4",
            "module.core_lz.module.lz_top_compartment.oci_identity_compartment.level_5",
            "module.core_lz.module.lz_top_compartment.oci_identity_compartment.level_6",
            "module.core_lz.module.lz_top_compartment.oci_identity_compartment.these",
            "module.core_lz.module.lz_top_compartment.oci_identity_tag_default.these"
          ]
        },
        {
          "index_key": "stg-auditor-policy",
          "schema_version": 0,
          "attributes": {
            "ETag": "5cf9e0afe0b02543c38c34885a112003a68eaf73",
            "compartment_id": "ocid1.tenancy.oc1..aaaaaaaaj6nudjkukswohatqii3jwmynzoeswxnewxcdinl2knv7ap2iucwq",
            "defined_tags": {
              "Oracle-Tags.CreatedBy": "default/jfelixfalcon@gmail.com",
              "Oracle-Tags.CreatedOn": "2026-05-17T02:06:26.701Z"
            },
            "description": "Core Landing Zone root compartment policy for stg-auditor-group group.",
            "freeform_tags": {
              "environment": "dev",
              "ocilz-terraform-module": "iam-policies/0.3.4"
            },
            "id": "ocid1.policy.oc1..aaaaaaaah4h53us5l4c7u4pdffanl2q6nxy77wb3s63gye4kwtahpccastlq",
            "inactive_state": null,
            "lastUpdateETag": "5cf9e0afe0b02543c38c34885a112003a68eaf73",
            "name": "stg-auditor-policy",
            "policyHash": "b8bdc2f271ff2d7addc90dc04258535b",
            "state": "ACTIVE",
            "statements": [
              "allow group stg-auditor-group to inspect all-resources in tenancy",
              "allow group stg-auditor-group to read instances in tenancy",
              "allow group stg-auditor-group to read load-balancers in tenancy",
              "allow group stg-auditor-group to read buckets in tenancy",
              "allow group stg-auditor-group to read nat-gateways in tenancy",
              "allow group stg-auditor-group to read public-ips in tenancy",
              "allow group stg-auditor-group to read file-family in tenancy",
              "allow group stg-auditor-group to read instance-configurations in tenancy",
              "allow group stg-auditor-group to read network-security-groups in tenancy",
              "allow group stg-auditor-group to read resource-availability in tenancy",
              "allow group stg-auditor-group to read audit-events in tenancy",
              "allow group stg-auditor-group to read users in tenancy",
              "allow group stg-auditor-group to use cloud-shell in tenancy",
              "allow group stg-auditor-group to read vss-family in tenancy",
              "allow group stg-auditor-group to read usage-budgets in tenancy",
              "allow group stg-auditor-group to read usage-reports in tenancy",
              "allow group stg-auditor-group to read data-safe-family in tenancy",
              "allow group stg-auditor-group to read vaults in tenancy",
              "allow group stg-auditor-group to read keys in tenancy",
              "allow group stg-auditor-group to read tag-namespaces in tenancy",
              "allow group stg-auditor-group to read serviceconnectors in tenancy",
              "allow group stg-auditor-group to use ons-family in tenancy where any {request.operation!=/Create*/, request.operation!=/Update*/, request.operation!=/Delete*/, request.operation!=/Change*/}",
              "allow group stg-auditor-group to read zpr-configuration in tenancy",
              "allow group stg-auditor-group to read zpr-policy in tenancy",
              "allow group stg-auditor-group to read security-attribute-namespace in tenancy",
              "allow group stg-auditor-group to read network-firewall-family in tenancy",
              "allow group stg-auditor-group to read capture-filters in tenancy"
            ],
            "time_created": "2026-05-17 02:06:26.816 +0000 UTC",
            "timeouts": null,
            "version_date": null
          },
          "sensitive_attributes": [],
          "identity_schema_version": 0,
          "private": "eyJlMmJmYjczMC1lY2FhLTExZTYtOGY4OC0zNDM2M2JjN2M0YzAiOnsiY3JlYXRlIjoxMjAwMDAwMDAwMDAwLCJkZWxldGUiOjEyMDAwMDAwMDAwMDAsInVwZGF0ZSI6MTIwMDAwMDAwMDAwMH19",
          "dependencies": [
            "module.core_lz.data.oci_identity_domain.existing_identity_domain",
            "module.core_lz.data.oci_identity_group.existing_ag_admin_group",
            "module.core_lz.data.oci_identity_group.existing_announcement_reader_group",
            "module.core_lz.data.oci_identity_group.existing_appdev_admin_group",
            "module.core_lz.data.oci_identity_group.existing_auditor_group",
            "module.core_lz.data.oci_identity_group.existing_cost_admin_group",
            "module.core_lz.data.oci_identity_group.existing_cred_admin_group",
            "module.core_lz.data.oci_identity_group.existing_database_admin_group",
            "module.core_lz.data.oci_identity_group.existing_exainfra_admin_group",
            "module.core_lz.data.oci_identity_group.existing_iam_admin_group",
            "module.core_lz.data.oci_identity_group.existing_network_admin_group",
            "module.core_lz.data.oci_identity_group.existing_security_admin_group",
            "module.core_lz.data.oci_identity_group.existing_storage_admin_group",
            "module.core_lz.module.lz_groups.data.oci_identity_users.these",
            "module.core_lz.module.lz_groups.oci_identity_group.these",
            "module.core_lz.module.lz_groups.oci_identity_user_group_membership.these",
            "module.core_lz.module.lz_root_policies.data.oci_identity_region_subscriptions.these",
            "module.core_lz.module.lz_root_policies.data.oci_identity_tenancy.this",
            "module.core_lz.module.lz_top_compartment.oci_identity_compartment.level_2",
            "module.core_lz.module.lz_top_compartment.oci_identity_compartment.level_3",
            "module.core_lz.module.lz_top_compartment.oci_identity_compartment.level_4",
            "module.core_lz.module.lz_top_compartment.oci_identity_compartment.level_5",
            "module.core_lz.module.lz_top_compartment.oci_identity_compartment.level_6",
            "module.core_lz.module.lz_top_compartment.oci_identity_compartment.these",
            "module.core_lz.module.lz_top_compartment.oci_identity_tag_default.these"
          ]
        },
        {
          "index_key": "stg-basic-root-policy",
          "schema_version": 0,
          "attributes": {
            "ETag": "",
            "compartment_id": "ocid1.tenancy.oc1..aaaaaaaaj6nudjkukswohatqii3jwmynzoeswxnewxcdinl2knv7ap2iucwq",
            "defined_tags": {
              "Oracle-Tags.CreatedBy": "default/jfelixfalcon@gmail.com",
              "Oracle-Tags.CreatedOn": "2026-05-17T02:06:26.597Z"
            },
            "description": "Core Landing Zone basic root compartment policy.",
            "freeform_tags": {
              "environment": "dev",
              "ocilz-terraform-module": "iam-policies/0.3.4"
            },
            "id": "ocid1.policy.oc1..aaaaaaaa3lw4drjzf2cro6msor74z2y6tx3775ighk3bvztnjp4bfq3vm3qa",
            "inactive_state": null,
            "lastUpdateETag": "",
            "name": "stg-basic-root-policy",
            "policyHash": "739b6279ff5d782a726e16486616c06a",
            "state": "ACTIVE",
            "statements": [
              "allow group stg-security-admin-group,stg-network-admin-group,stg-storage-admin-group to use cloud-shell in tenancy",
              "allow group stg-security-admin-group,stg-network-admin-group,stg-storage-admin-group to read usage-budgets in tenancy",
              "allow group stg-security-admin-group,stg-network-admin-group,stg-storage-admin-group to read usage-reports in tenancy",
              "allow group stg-security-admin-group,stg-network-admin-group,stg-storage-admin-group to read objectstorage-namespaces in tenancy",
              "allow group stg-security-admin-group,stg-network-admin-group,stg-storage-admin-group to read tag-namespaces in tenancy"
            ],
            "time_created": "2026-05-17 02:06:28.214 +0000 UTC",
            "timeouts": null,
            "version_date": null
          },
          "sensitive_attributes": [],
          "identity_schema_version": 0,
          "private": "eyJlMmJmYjczMC1lY2FhLTExZTYtOGY4OC0zNDM2M2JjN2M0YzAiOnsiY3JlYXRlIjoxMjAwMDAwMDAwMDAwLCJkZWxldGUiOjEyMDAwMDAwMDAwMDAsInVwZGF0ZSI6MTIwMDAwMDAwMDAwMH19",
          "dependencies": [
            "module.core_lz.data.oci_identity_domain.existing_identity_domain",
            "module.core_lz.data.oci_identity_group.existing_ag_admin_group",
            "module.core_lz.data.oci_identity_group.existing_announcement_reader_group",
            "module.core_lz.data.oci_identity_group.existing_appdev_admin_group",
            "module.core_lz.data.oci_identity_group.existing_auditor_group",
            "module.core_lz.data.oci_identity_group.existing_cost_admin_group",
            "module.core_lz.data.oci_identity_group.existing_cred_admin_group",
            "module.core_lz.data.oci_identity_group.existing_database_admin_group",
            "module.core_lz.data.oci_identity_group.existing_exainfra_admin_group",
            "module.core_lz.data.oci_identity_group.existing_iam_admin_group",
            "module.core_lz.data.oci_identity_group.existing_network_admin_group",
            "module.core_lz.data.oci_identity_group.existing_security_admin_group",
            "module.core_lz.data.oci_identity_group.existing_storage_admin_group",
            "module.core_lz.module.lz_groups.data.oci_identity_users.these",
            "module.core_lz.module.lz_groups.oci_identity_group.these",
            "module.core_lz.module.lz_groups.oci_identity_user_group_membership.these",
            "module.core_lz.module.lz_root_policies.data.oci_identity_region_subscriptions.these",
            "module.core_lz.module.lz_root_policies.data.oci_identity_tenancy.this",
            "module.core_lz.module.lz_top_compartment.oci_identity_compartment.level_2",
            "module.core_lz.module.lz_top_compartment.oci_identity_compartment.level_3",
            "module.core_lz.module.lz_top_compartment.oci_identity_compartment.level_4",
            "module.core_lz.module.lz_top_compartment.oci_identity_compartment.level_5",
            "module.core_lz.module.lz_top_compartment.oci_identity_compartment.level_6",
            "module.core_lz.module.lz_top_compartment.oci_identity_compartment.these",
            "module.core_lz.module.lz_top_compartment.oci_identity_tag_default.these"
          ]
        },
        {
          "index_key": "stg-cost-admin-root-policy",
          "schema_version": 0,
          "attributes": {
            "ETag": "d03f2af28c62e7ace25e6f690d946bbab5fb7f77",
            "compartment_id": "ocid1.tenancy.oc1..aaaaaaaaj6nudjkukswohatqii3jwmynzoeswxnewxcdinl2knv7ap2iucwq",
            "defined_tags": {
              "Oracle-Tags.CreatedBy": "default/jfelixfalcon@gmail.com",
              "Oracle-Tags.CreatedOn": "2026-05-17T02:06:30.753Z"
            },
            "description": "Core Landing Zone root compartment policy for stg-cost-admin-group group.",
            "freeform_tags": {
              "environment": "dev",
              "ocilz-terraform-module": "iam-policies/0.3.4"
            },
            "id": "ocid1.policy.oc1..aaaaaaaawlfyr2xran3fxfn37axbwj6udbp2d7uzilg65fcealbieigmddyq",
            "inactive_state": null,
            "lastUpdateETag": "d03f2af28c62e7ace25e6f690d946bbab5fb7f77",
            "name": "stg-cost-admin-root-policy",
            "policyHash": "643299c4d2634688247de946734cf8bf",
            "state": "ACTIVE",
            "statements": [
              "define tenancy usage-report as ocid1.tenancy.oc1..aaaaaaaaned4fkpkisbwjlr56u7cj63lf3wffbilvqknstgtvzub7vhqkggq",
              "endorse group stg-cost-admin-group to read objects in tenancy usage-report",
              "allow group stg-cost-admin-group to manage usage-report in tenancy",
              "allow group stg-cost-admin-group to manage usage-budgets in tenancy"
            ],
            "time_created": "2026-05-17 02:06:30.79 +0000 UTC",
            "timeouts": null,
            "version_date": null
          },
          "sensitive_attributes": [],
          "identity_schema_version": 0,
          "private": "eyJlMmJmYjczMC1lY2FhLTExZTYtOGY4OC0zNDM2M2JjN2M0YzAiOnsiY3JlYXRlIjoxMjAwMDAwMDAwMDAwLCJkZWxldGUiOjEyMDAwMDAwMDAwMDAsInVwZGF0ZSI6MTIwMDAwMDAwMDAwMH19",
          "dependencies": [
            "module.core_lz.data.oci_identity_domain.existing_identity_domain",
            "module.core_lz.data.oci_identity_group.existing_ag_admin_group",
            "module.core_lz.data.oci_identity_group.existing_announcement_reader_group",
            "module.core_lz.data.oci_identity_group.existing_appdev_admin_group",
            "module.core_lz.data.oci_identity_group.existing_auditor_group",
            "module.core_lz.data.oci_identity_group.existing_cost_admin_group",
            "module.core_lz.data.oci_identity_group.existing_cred_admin_group",
            "module.core_lz.data.oci_identity_group.existing_database_admin_group",
            "module.core_lz.data.oci_identity_group.existing_exainfra_admin_group",
            "module.core_lz.data.oci_identity_group.existing_iam_admin_group",
            "module.core_lz.data.oci_identity_group.existing_network_admin_group",
            "module.core_lz.data.oci_identity_group.existing_security_admin_group",
            "module.core_lz.data.oci_identity_group.existing_storage_admin_group",
            "module.core_lz.module.lz_groups.data.oci_identity_users.these",
            "module.core_lz.module.lz_groups.oci_identity_group.these",
            "module.core_lz.module.lz_groups.oci_identity_user_group_membership.these",
            "module.core_lz.module.lz_root_policies.data.oci_identity_region_subscriptions.these",
            "module.core_lz.module.lz_root_policies.data.oci_identity_tenancy.this",
            "module.core_lz.module.lz_top_compartment.oci_identity_compartment.level_2",
            "module.core_lz.module.lz_top_compartment.oci_identity_compartment.level_3",
            "module.core_lz.module.lz_top_compartment.oci_identity_compartment.level_4",
            "module.core_lz.module.lz_top_compartment.oci_identity_compartment.level_5",
            "module.core_lz.module.lz_top_compartment.oci_identity_compartment.level_6",
            "module.core_lz.module.lz_top_compartment.oci_identity_compartment.these",
            "module.core_lz.module.lz_top_compartment.oci_identity_tag_default.these"
          ]
        },
        {
          "index_key": "stg-credential-admin-policy",
          "schema_version": 0,
          "attributes": {
            "ETag": "da1ac6201dc4bad1aa3650df2bcbd3cf0b524541",
            "compartment_id": "ocid1.tenancy.oc1..aaaaaaaaj6nudjkukswohatqii3jwmynzoeswxnewxcdinl2knv7ap2iucwq",
            "defined_tags": {
              "Oracle-Tags.CreatedBy": "default/jfelixfalcon@gmail.com",
              "Oracle-Tags.CreatedOn": "2026-05-17T02:06:26.884Z"
            },
            "description": "Core Landing Zone root compartment policy for stg-cred-admin-group group.",
            "freeform_tags": {
              "environment": "dev",
              "ocilz-terraform-module": "iam-policies/0.3.4"
            },
            "id": "ocid1.policy.oc1..aaaaaaaahdieq5hqzdxduhwea7ylgvycrnbkqog5rm3pa33mvmcllmafllya",
            "inactive_state": null,
            "lastUpdateETag": "da1ac6201dc4bad1aa3650df2bcbd3cf0b524541",
            "name": "stg-credential-admin-policy",
            "policyHash": "179e36439967288c9486d56a3430dac7",
            "state": "ACTIVE",
            "statements": [
              "allow group stg-cred-admin-group to inspect users in tenancy",
              "allow group stg-cred-admin-group to inspect groups in tenancy",
              "allow group stg-cred-admin-group to manage users in tenancy  where any {request.operation = 'ListApiKeys',request.operation = 'ListAuthTokens',request.operation = 'ListCustomerSecretKeys',request.operation = 'UploadApiKey',request.operation = 'DeleteApiKey',request.operation = 'UpdateAuthToken',request.operation = 'CreateAuthToken',request.operation = 'DeleteAuthToken',request.operation = 'CreateSecretKey',request.operation = 'UpdateCustomerSecretKey',request.operation = 'DeleteCustomerSecretKey',request.operation = 'UpdateUserCapabilities'}",
              "allow group stg-cred-admin-group to use cloud-shell in tenancy"
            ],
            "time_created": "2026-05-17 02:06:28.522 +0000 UTC",
            "timeouts": null,
            "version_date": null
          },
          "sensitive_attributes": [],
          "identity_schema_version": 0,
          "private": "eyJlMmJmYjczMC1lY2FhLTExZTYtOGY4OC0zNDM2M2JjN2M0YzAiOnsiY3JlYXRlIjoxMjAwMDAwMDAwMDAwLCJkZWxldGUiOjEyMDAwMDAwMDAwMDAsInVwZGF0ZSI6MTIwMDAwMDAwMDAwMH19",
          "dependencies": [
            "module.core_lz.data.oci_identity_domain.existing_identity_domain",
            "module.core_lz.data.oci_identity_group.existing_ag_admin_group",
            "module.core_lz.data.oci_identity_group.existing_announcement_reader_group",
            "module.core_lz.data.oci_identity_group.existing_appdev_admin_group",
            "module.core_lz.data.oci_identity_group.existing_auditor_group",
            "module.core_lz.data.oci_identity_group.existing_cost_admin_group",
            "module.core_lz.data.oci_identity_group.existing_cred_admin_group",
            "module.core_lz.data.oci_identity_group.existing_database_admin_group",
            "module.core_lz.data.oci_identity_group.existing_exainfra_admin_group",
            "module.core_lz.data.oci_identity_group.existing_iam_admin_group",
            "module.core_lz.data.oci_identity_group.existing_network_admin_group",
            "module.core_lz.data.oci_identity_group.existing_security_admin_group",
            "module.core_lz.data.oci_identity_group.existing_storage_admin_group",
            "module.core_lz.module.lz_groups.data.oci_identity_users.these",
            "module.core_lz.module.lz_groups.oci_identity_group.these",
            "module.core_lz.module.lz_groups.oci_identity_user_group_membership.these",
            "module.core_lz.module.lz_root_policies.data.oci_identity_region_subscriptions.these",
            "module.core_lz.module.lz_root_policies.data.oci_identity_tenancy.this",
            "module.core_lz.module.lz_top_compartment.oci_identity_compartment.level_2",
            "module.core_lz.module.lz_top_compartment.oci_identity_compartment.level_3",
            "module.core_lz.module.lz_top_compartment.oci_identity_compartment.level_4",
            "module.core_lz.module.lz_top_compartment.oci_identity_compartment.level_5",
            "module.core_lz.module.lz_top_compartment.oci_identity_compartment.level_6",
            "module.core_lz.module.lz_top_compartment.oci_identity_compartment.these",
            "module.core_lz.module.lz_top_compartment.oci_identity_tag_default.these"
          ]
        },
        {
          "index_key": "stg-iam-admin-root-policy",
          "schema_version": 0,
          "attributes": {
            "ETag": "966f9089be68805fb371afbe670a2574f26eaf38",
            "compartment_id": "ocid1.tenancy.oc1..aaaaaaaaj6nudjkukswohatqii3jwmynzoeswxnewxcdinl2knv7ap2iucwq",
            "defined_tags": {
              "Oracle-Tags.CreatedBy": "default/jfelixfalcon@gmail.com",
              "Oracle-Tags.CreatedOn": "2026-05-17T02:06:30.894Z"
            },
            "description": "Core Landing Zone root compartment policy for stg-iam-admin-group group.",
            "freeform_tags": {
              "environment": "dev",
              "ocilz-terraform-module": "iam-policies/0.3.4"
            },
            "id": "ocid1.policy.oc1..aaaaaaaald6oggps434rdlse6mdefggvcq5eod4gv5iogfrlqf6hmhfgc6sa",
            "inactive_state": null,
            "lastUpdateETag": "966f9089be68805fb371afbe670a2574f26eaf38",
            "name": "stg-iam-admin-root-policy",
            "policyHash": "72c701fb9f7e2c8d6b23a6d9e34af4f0",
            "state": "ACTIVE",
            "statements": [
              "allow group stg-iam-admin-group to inspect users in tenancy",
              "allow group stg-iam-admin-group to manage users in tenancy where all {request.operation != 'ListApiKeys',request.operation != 'ListAuthTokens',request.operation != 'ListCustomerSecretKeys',request.operation != 'UploadApiKey',request.operation != 'DeleteApiKey',request.operation != 'UpdateAuthToken',request.operation != 'CreateAuthToken',request.operation != 'DeleteAuthToken',request.operation != 'CreateSecretKey',request.operation != 'UpdateCustomerSecretKey',request.operation != 'DeleteCustomerSecretKey'}",
              "allow group stg-iam-admin-group to inspect groups in tenancy",
              "allow group stg-iam-admin-group to read policies in tenancy",
              "allow group stg-iam-admin-group to manage groups in tenancy where all {target.group.name != 'Administrators' ,target.group.name != 'stg-cred-admin-group'}",
              "allow group stg-iam-admin-group to inspect identity-providers in tenancy",
              "allow group stg-iam-admin-group to manage identity-providers in tenancy where any {request.operation = 'AddIdpGroupMapping', request.operation = 'DeleteIdpGroupMapping'}",
              "allow group stg-iam-admin-group to manage dynamic-groups in tenancy",
              "allow group stg-iam-admin-group to manage authentication-policies in tenancy",
              "allow group stg-iam-admin-group to manage network-sources in tenancy",
              "allow group stg-iam-admin-group to manage quota in tenancy",
              "allow group stg-iam-admin-group to read audit-events in tenancy",
              "allow group stg-iam-admin-group to use cloud-shell in tenancy",
              "allow group stg-iam-admin-group to manage tag-defaults in tenancy",
              "allow group stg-iam-admin-group to manage tag-namespaces in tenancy",
              "allow group stg-iam-admin-group to manage orm-stacks in tenancy",
              "allow group stg-iam-admin-group to manage orm-jobs in tenancy",
              "allow group stg-iam-admin-group to manage orm-config-source-providers in tenancy"
            ],
            "time_created": "2026-05-17 02:06:30.937 +0000 UTC",
            "timeouts": null,
            "version_date": null
          },
          "sensitive_attributes": [],
          "identity_schema_version": 0,
          "private": "eyJlMmJmYjczMC1lY2FhLTExZTYtOGY4OC0zNDM2M2JjN2M0YzAiOnsiY3JlYXRlIjoxMjAwMDAwMDAwMDAwLCJkZWxldGUiOjEyMDAwMDAwMDAwMDAsInVwZGF0ZSI6MTIwMDAwMDAwMDAwMH19",
          "dependencies": [
            "module.core_lz.data.oci_identity_domain.existing_identity_domain",
            "module.core_lz.data.oci_identity_group.existing_ag_admin_group",
            "module.core_lz.data.oci_identity_group.existing_announcement_reader_group",
            "module.core_lz.data.oci_identity_group.existing_appdev_admin_group",
            "module.core_lz.data.oci_identity_group.existing_auditor_group",
            "module.core_lz.data.oci_identity_group.existing_cost_admin_group",
            "module.core_lz.data.oci_identity_group.existing_cred_admin_group",
            "module.core_lz.data.oci_identity_group.existing_database_admin_group",
            "module.core_lz.data.oci_identity_group.existing_exainfra_admin_group",
            "module.core_lz.data.oci_identity_group.existing_iam_admin_group",
            "module.core_lz.data.oci_identity_group.existing_network_admin_group",
            "module.core_lz.data.oci_identity_group.existing_security_admin_group",
            "module.core_lz.data.oci_identity_group.existing_storage_admin_group",
            "module.core_lz.module.lz_groups.data.oci_identity_users.these",
            "module.core_lz.module.lz_groups.oci_identity_group.these",
            "module.core_lz.module.lz_groups.oci_identity_user_group_membership.these",
            "module.core_lz.module.lz_root_policies.data.oci_identity_region_subscriptions.these",
            "module.core_lz.module.lz_root_policies.data.oci_identity_tenancy.this",
            "module.core_lz.module.lz_top_compartment.oci_identity_compartment.level_2",
            "module.core_lz.module.lz_top_compartment.oci_identity_compartment.level_3",
            "module.core_lz.module.lz_top_compartment.oci_identity_compartment.level_4",
            "module.core_lz.module.lz_top_compartment.oci_identity_compartment.level_5",
            "module.core_lz.module.lz_top_compartment.oci_identity_compartment.level_6",
            "module.core_lz.module.lz_top_compartment.oci_identity_compartment.these",
            "module.core_lz.module.lz_top_compartment.oci_identity_tag_default.these"
          ]
        },
        {
          "index_key": "stg-network-admin-root-policy",
          "schema_version": 0,
          "attributes": {
            "ETag": "c32de21fd1aa725d329ad2efb4e35610bf39c199",
            "compartment_id": "ocid1.tenancy.oc1..aaaaaaaaj6nudjkukswohatqii3jwmynzoeswxnewxcdinl2knv7ap2iucwq",
            "defined_tags": {
              "Oracle-Tags.CreatedBy": "default/jfelixfalcon@gmail.com",
              "Oracle-Tags.CreatedOn": "2026-05-17T02:06:26.720Z"
            },
            "description": "Core Landing Zone root compartment policy for stg-network-admin-group group.",
            "freeform_tags": {
              "environment": "dev",
              "ocilz-terraform-module": "iam-policies/0.3.4"
            },
            "id": "ocid1.policy.oc1..aaaaaaaad5qcd265jmtamwjdax2ql4shrdhehrzivl72mjgfqsut2wilulga",
            "inactive_state": null,
            "lastUpdateETag": "c32de21fd1aa725d329ad2efb4e35610bf39c199",
            "name": "stg-network-admin-root-policy",
            "policyHash": "f8fec582157fcb27bfd0d672e80b572b",
            "state": "ACTIVE",
            "statements": [
              "allow group stg-network-admin-group to read zpr-configuration in tenancy",
              "allow group stg-network-admin-group to read zpr-policy in tenancy",
              "allow group stg-network-admin-group to read security-attribute-namespace in tenancy"
            ],
            "time_created": "2026-05-17 02:06:26.908 +0000 UTC",
            "timeouts": null,
            "version_date": null
          },
          "sensitive_attributes": [],
          "identity_schema_version": 0,
          "private": "eyJlMmJmYjczMC1lY2FhLTExZTYtOGY4OC0zNDM2M2JjN2M0YzAiOnsiY3JlYXRlIjoxMjAwMDAwMDAwMDAwLCJkZWxldGUiOjEyMDAwMDAwMDAwMDAsInVwZGF0ZSI6MTIwMDAwMDAwMDAwMH19",
          "dependencies": [
            "module.core_lz.data.oci_identity_domain.existing_identity_domain",
            "module.core_lz.data.oci_identity_group.existing_ag_admin_group",
            "module.core_lz.data.oci_identity_group.existing_announcement_reader_group",
            "module.core_lz.data.oci_identity_group.existing_appdev_admin_group",
            "module.core_lz.data.oci_identity_group.existing_auditor_group",
            "module.core_lz.data.oci_identity_group.existing_cost_admin_group",
            "module.core_lz.data.oci_identity_group.existing_cred_admin_group",
            "module.core_lz.data.oci_identity_group.existing_database_admin_group",
            "module.core_lz.data.oci_identity_group.existing_exainfra_admin_group",
            "module.core_lz.data.oci_identity_group.existing_iam_admin_group",
            "module.core_lz.data.oci_identity_group.existing_network_admin_group",
            "module.core_lz.data.oci_identity_group.existing_security_admin_group",
            "module.core_lz.data.oci_identity_group.existing_storage_admin_group",
            "module.core_lz.module.lz_groups.data.oci_identity_users.these",
            "module.core_lz.module.lz_groups.oci_identity_group.these",
            "module.core_lz.module.lz_groups.oci_identity_user_group_membership.these",
            "module.core_lz.module.lz_root_policies.data.oci_identity_region_subscriptions.these",
            "module.core_lz.module.lz_root_policies.data.oci_identity_tenancy.this",
            "module.core_lz.module.lz_top_compartment.oci_identity_compartment.level_2",
            "module.core_lz.module.lz_top_compartment.oci_identity_compartment.level_3",
            "module.core_lz.module.lz_top_compartment.oci_identity_compartment.level_4",
            "module.core_lz.module.lz_top_compartment.oci_identity_compartment.level_5",
            "module.core_lz.module.lz_top_compartment.oci_identity_compartment.level_6",
            "module.core_lz.module.lz_top_compartment.oci_identity_compartment.these",
            "module.core_lz.module.lz_top_compartment.oci_identity_tag_default.these"
          ]
        },
        {
          "index_key": "stg-security-admin-root-policy",
          "schema_version": 0,
          "attributes": {
            "ETag": "0f13e655c4a9ff3bd347226a5425a770e12c7589",
            "compartment_id": "ocid1.tenancy.oc1..aaaaaaaaj6nudjkukswohatqii3jwmynzoeswxnewxcdinl2knv7ap2iucwq",
            "defined_tags": {
              "Oracle-Tags.CreatedBy": "default/jfelixfalcon@gmail.com",
              "Oracle-Tags.CreatedOn": "2026-05-17T02:06:26.663Z"
            },
            "description": "Core Landing Zone root compartment policy for stg-security-admin-group group.",
            "freeform_tags": {
              "environment": "dev",
              "ocilz-terraform-module": "iam-policies/0.3.4"
            },
            "id": "ocid1.policy.oc1..aaaaaaaanqzkwj4wtebimaoqkh5gsrf3pfnqwxxvfxdcpamb2h4ztxvbzgda",
            "inactive_state": null,
            "lastUpdateETag": "0f13e655c4a9ff3bd347226a5425a770e12c7589",
            "name": "stg-security-admin-root-policy",
            "policyHash": "1f05d8d0253ff25d34261794ec6c849e",
            "state": "ACTIVE",
            "statements": [
              "allow group stg-security-admin-group to manage cloudevents-rules in tenancy",
              "allow group stg-security-admin-group to manage cloud-guard-family in tenancy",
              "allow group stg-security-admin-group to read tenancies in tenancy",
              "allow group stg-security-admin-group to read objectstorage-namespaces in tenancy",
              "allow group stg-security-admin-group to use cloud-shell in tenancy",
              "allow group stg-security-admin-group to read usage-budgets in tenancy",
              "allow group stg-security-admin-group to read usage-reports in tenancy",
              "allow group stg-security-admin-group to manage zpr-configuration in tenancy",
              "allow group stg-security-admin-group to manage zpr-policy in tenancy",
              "allow group stg-security-admin-group to manage security-attribute-namespace in tenancy"
            ],
            "time_created": "2026-05-17 02:06:26.719 +0000 UTC",
            "timeouts": null,
            "version_date": null
          },
          "sensitive_attributes": [],
          "identity_schema_version": 0,
          "private": "eyJlMmJmYjczMC1lY2FhLTExZTYtOGY4OC0zNDM2M2JjN2M0YzAiOnsiY3JlYXRlIjoxMjAwMDAwMDAwMDAwLCJkZWxldGUiOjEyMDAwMDAwMDAwMDAsInVwZGF0ZSI6MTIwMDAwMDAwMDAwMH19",
          "dependencies": [
            "module.core_lz.data.oci_identity_domain.existing_identity_domain",
            "module.core_lz.data.oci_identity_group.existing_ag_admin_group",
            "module.core_lz.data.oci_identity_group.existing_announcement_reader_group",
            "module.core_lz.data.oci_identity_group.existing_appdev_admin_group",
            "module.core_lz.data.oci_identity_group.existing_auditor_group",
            "module.core_lz.data.oci_identity_group.existing_cost_admin_group",
            "module.core_lz.data.oci_identity_group.existing_cred_admin_group",
            "module.core_lz.data.oci_identity_group.existing_database_admin_group",
            "module.core_lz.data.oci_identity_group.existing_exainfra_admin_group",
            "module.core_lz.data.oci_identity_group.existing_iam_admin_group",
            "module.core_lz.data.oci_identity_group.existing_network_admin_group",
            "module.core_lz.data.oci_identity_group.existing_security_admin_group",
            "module.core_lz.data.oci_identity_group.existing_storage_admin_group",
            "module.core_lz.module.lz_groups.data.oci_identity_users.these",
            "module.core_lz.module.lz_groups.oci_identity_group.these",
            "module.core_lz.module.lz_groups.oci_identity_user_group_membership.these",
            "module.core_lz.module.lz_root_policies.data.oci_identity_region_subscriptions.these",
            "module.core_lz.module.lz_root_policies.data.oci_identity_tenancy.this",
            "module.core_lz.module.lz_top_compartment.oci_identity_compartment.level_2",
            "module.core_lz.module.lz_top_compartment.oci_identity_compartment.level_3",
            "module.core_lz.module.lz_top_compartment.oci_identity_compartment.level_4",
            "module.core_lz.module.lz_top_compartment.oci_identity_compartment.level_5",
            "module.core_lz.module.lz_top_compartment.oci_identity_compartment.level_6",
            "module.core_lz.module.lz_top_compartment.oci_identity_compartment.these",
            "module.core_lz.module.lz_top_compartment.oci_identity_tag_default.these"
          ]
        }
      ]
    },
    {
      "module": "module.core_lz.module.lz_top_compartment[0]",
      "mode": "managed",
      "type": "oci_identity_compartment",
      "name": "these",
      "provider": "provider[\"registry.terraform.io/oracle/oci\"]",
      "instances": [
        {
          "index_key": "TOP-CMP",
          "schema_version": 0,
          "attributes": {
            "compartment_id": "ocid1.tenancy.oc1..aaaaaaaaj6nudjkukswohatqii3jwmynzoeswxnewxcdinl2knv7ap2iucwq",
            "defined_tags": {
              "Oracle-Tags.CreatedBy": "default/jfelixfalcon@gmail.com",
              "Oracle-Tags.CreatedOn": "2026-05-17T01:29:07.018Z"
            },
            "description": "Core Landing Zone enclosing compartment",
            "enable_delete": false,
            "freeform_tags": {
              "environment": "dev",
              "ocilz-terraform-module": "iam-compartments/0.3.4"
            },
            "id": "ocid1.compartment.oc1..aaaaaaaawkwi4yfyfjncnjz26rbn5rjop6j7yobl3heijjoacczbksvniabq",
            "inactive_state": null,
            "is_accessible": true,
            "name": "stg-top-cmp",
            "state": "ACTIVE",
            "time_created": "2026-05-17 01:29:07.053 +0000 UTC",
            "timeouts": null
          },
          "sensitive_attributes": [],
          "identity_schema_version": 0,
          "private": "eyJlMmJmYjczMC1lY2FhLTExZTYtOGY4OC0zNDM2M2JjN2M0YzAiOnsiZGVsZXRlIjo1NDAwMDAwMDAwMDAwfX0="
        }
      ]
    }
  ],
  "check_results": [
    {
      "object_kind": "resource",
      "config_addr": "module.core_lz.module.lz_custom_domain_dynamic_groups.oci_identity_domains_group.these_with_external_membership_updates",
      "status": "pass",
      "objects": null
    },
    {
      "object_kind": "resource",
      "config_addr": "module.core_lz.module.lz_custom_domain_groups.oci_identity_domains_group.these",
      "status": "pass",
      "objects": null
    },
    {
      "object_kind": "resource",
      "config_addr": "module.core_lz.data.oci_identity_domain.existing_identity_domain",
      "status": "pass",
      "objects": null
    },
    {
      "object_kind": "resource",
      "config_addr": "module.core_lz.module.lz_custom_domain_groups.oci_identity_domains_identity_provider.these",
      "status": "pass",
      "objects": null
    },
    {
      "object_kind": "resource",
      "config_addr": "module.core_lz.module.lz_new_identity_domain.oci_identity_domains_identity_provider.these",
      "status": "pass",
      "objects": null
    },
    {
      "object_kind": "resource",
      "config_addr": "module.core_lz.module.lz_custom_domain_groups.oci_identity_domains_group.these_with_external_membership_updates",
      "status": "pass",
      "objects": null
    },
    {
      "object_kind": "var",
      "config_addr": "module.core_lz.var.policies_in_root_compartment",
      "status": "pass",
      "objects": [
        {
          "object_addr": "module.core_lz.var.policies_in_root_compartment",
          "status": "pass"
        }
      ]
    },
    {
      "object_kind": "resource",
      "config_addr": "module.core_lz.module.lz_custom_domain_groups.oci_identity_domain_replication_to_region.these",
      "status": "pass",
      "objects": null
    },
    {
      "object_kind": "resource",
      "config_addr": "module.core_lz.module.lz_new_identity_domain.oci_identity_domains_group.these_with_external_membership_updates",
      "status": "pass",
      "objects": null
    },
    {
      "object_kind": "resource",
      "config_addr": "module.core_lz.module.lz_custom_domain_dynamic_groups.oci_identity_domains_app.these",
      "status": "pass",
      "objects": null
    },
    {
      "object_kind": "var",
      "config_addr": "module.core_lz.var.lz_provenant_prefix",
      "status": "pass",
      "objects": [
        {
          "object_addr": "module.core_lz.var.lz_provenant_prefix",
          "status": "pass"
        }
      ]
    },
    {
      "object_kind": "resource",
      "config_addr": "module.core_lz.module.lz_new_identity_domain.oci_identity_domains_app.these",
      "status": "pass",
      "objects": null
    },
    {
      "object_kind": "var",
      "config_addr": "module.core_lz.var.service_label",
      "status": "pass",
      "objects": [
        {
          "object_addr": "module.core_lz.var.service_label",
          "status": "pass"
        }
      ]
    },
    {
      "object_kind": "resource",
      "config_addr": "module.core_lz.module.lz_custom_domain_dynamic_groups.oci_identity_domain_replication_to_region.these",
      "status": "pass",
      "objects": null
    },
    {
      "object_kind": "resource",
      "config_addr": "module.core_lz.module.lz_root_policies.oci_identity_policy.these",
      "status": "pass",
      "objects": [
        {
          "object_addr": "module.core_lz.module.lz_root_policies.oci_identity_policy.these[\"stg-cost-admin-root-policy\"]",
          "status": "pass"
        },
        {
          "object_addr": "module.core_lz.module.lz_root_policies.oci_identity_policy.these[\"stg-credential-admin-policy\"]",
          "status": "pass"
        },
        {
          "object_addr": "module.core_lz.module.lz_root_policies.oci_identity_policy.these[\"stg-announcement-reader-policy\"]",
          "status": "pass"
        },
        {
          "object_addr": "module.core_lz.module.lz_root_policies.oci_identity_policy.these[\"stg-iam-admin-root-policy\"]",
          "status": "pass"
        },
        {
          "object_addr": "module.core_lz.module.lz_root_policies.oci_identity_policy.these[\"stg-basic-root-policy\"]",
          "status": "pass"
        },
        {
          "object_addr": "module.core_lz.module.lz_root_policies.oci_identity_policy.these[\"stg-network-admin-root-policy\"]",
          "status": "pass"
        },
        {
          "object_addr": "module.core_lz.module.lz_root_policies.oci_identity_policy.these[\"stg-auditor-policy\"]",
          "status": "pass"
        },
        {
          "object_addr": "module.core_lz.module.lz_root_policies.oci_identity_policy.these[\"stg-access-governance-root-policy\"]",
          "status": "pass"
        },
        {
          "object_addr": "module.core_lz.module.lz_root_policies.oci_identity_policy.these[\"stg-security-admin-root-policy\"]",
          "status": "pass"
        }
      ]
    },
    {
      "object_kind": "resource",
      "config_addr": "module.core_lz.module.lz_policies.oci_identity_policy.these",
      "status": "pass",
      "objects": [
        {
          "object_addr": "module.core_lz.module.lz_policies.oci_identity_policy.these[\"stg-network-admin-policy\"]",
          "status": "pass"
        },
        {
          "object_addr": "module.core_lz.module.lz_policies.oci_identity_policy.these[\"stg-security-admin-policy\"]",
          "status": "pass"
        },
        {
          "object_addr": "module.core_lz.module.lz_policies.oci_identity_policy.these[\"stg-storage-admin-policy\"]",
          "status": "pass"
        },
        {
          "object_addr": "module.core_lz.module.lz_policies.oci_identity_policy.these[\"stg-iam-admin-policy\"]",
          "status": "pass"
        }
      ]
    },
    {
      "object_kind": "resource",
      "config_addr": "module.core_lz.module.lz_new_identity_domain.oci_identity_domain_replication_to_region.these",
      "status": "pass",
      "objects": null
    },
    {
      "object_kind": "resource",
      "config_addr": "module.core_lz.module.lz_new_identity_domain.oci_identity_domains_group.these",
      "status": "pass",
      "objects": null
    },
    {
      "object_kind": "resource",
      "config_addr": "module.core_lz.module.lz_custom_domain_groups.oci_identity_domains_app.these",
      "status": "pass",
      "objects": null
    },
    {
      "object_kind": "resource",
      "config_addr": "module.core_lz.module.lz_custom_domain_dynamic_groups.oci_identity_domains_group.these",
      "status": "pass",
      "objects": null
    },
    {
      "object_kind": "resource",
      "config_addr": "module.core_lz.module.lz_custom_domain_dynamic_groups.oci_identity_domains_identity_provider.these",
      "status": "pass",
      "objects": null
    }
  ]
}
